// !$*UTF8*$!
{
	archiveVersion = 1;
	classes = {
	};
	objectVersion = 46;
	objects = {

/* Begin PBXBuildFile section */
		95885FE38B8B45DC8B6E69BE /* libPods.a in Frameworks */ = {isa = PBXBuildFile; fileRef = 14DE7A0B6B434F5AA4636826 /* libPods.a */; };
		9B87B6A019E8E7A100F1C01C /* main.m in Sources */ = {isa = PBXBuildFile; fileRef = 9B87B69F19E8E7A100F1C01C /* main.m */; };
		9B87B6A319E8E7A100F1C01C /* AppDelegate.m in Sources */ = {isa = PBXBuildFile; fileRef = 9B87B6A219E8E7A100F1C01C /* AppDelegate.m */; };
		9B87B6A619E8E7A100F1C01C /* ViewController.m in Sources */ = {isa = PBXBuildFile; fileRef = 9B87B6A519E8E7A100F1C01C /* ViewController.m */; };
		9B87B6A919E8E7A100F1C01C /* Main.storyboard in Resources */ = {isa = PBXBuildFile; fileRef = 9B87B6A719E8E7A100F1C01C /* Main.storyboard */; };
		9B87B6AB19E8E7A100F1C01C /* Images.xcassets in Resources */ = {isa = PBXBuildFile; fileRef = 9B87B6AA19E8E7A100F1C01C /* Images.xcassets */; };
		9B87B6AE19E8E7A100F1C01C /* LaunchScreen.xib in Resources */ = {isa = PBXBuildFile; fileRef = 9B87B6AC19E8E7A100F1C01C /* LaunchScreen.xib */; };
		9B87B6BA19E8E7A100F1C01C /* ShareabilityTests.m in Sources */ = {isa = PBXBuildFile; fileRef = 9B87B6B919E8E7A100F1C01C /* ShareabilityTests.m */; };
		9B87B6CD19E8EF7900F1C01C /* ShareViewController.m in Sources */ = {isa = PBXBuildFile; fileRef = 9B87B6CC19E8EF7900F1C01C /* ShareViewController.m */; };
		9B87B6CF19E8EF7900F1C01C /* MainInterface.storyboard in Resources */ = {isa = PBXBuildFile; fileRef = 9B87B6CE19E8EF7900F1C01C /* MainInterface.storyboard */; };
		9B87B6D219E8EF7900F1C01C /* Wechat.appex in Embed App Extensions */ = {isa = PBXBuildFile; fileRef = 9B87B6C719E8EF7900F1C01C /* Wechat.appex */; settings = {ATTRIBUTES = (RemoveHeadersOnCopy, ); }; };
		9B89750519EF06D0004D75F3 /* ConfigTableViewController.m in Sources */ = {isa = PBXBuildFile; fileRef = 9B89750419EF06D0004D75F3 /* ConfigTableViewController.m */; };
		9BB0816419F1BFA700570E1D /* AnimatedGIFImageSerialization.m in Sources */ = {isa = PBXBuildFile; fileRef = 9BB0816319F1BFA700570E1D /* AnimatedGIFImageSerialization.m */; };
		9BB0816519F1BFA700570E1D /* AnimatedGIFImageSerialization.m in Sources */ = {isa = PBXBuildFile; fileRef = 9BB0816319F1BFA700570E1D /* AnimatedGIFImageSerialization.m */; };
		9BB0816719F581E100570E1D /* AVFoundation.framework in Frameworks */ = {isa = PBXBuildFile; fileRef = 9BB0816619F581E100570E1D /* AVFoundation.framework */; };
		9BDBA71C19EA202300EF194D /* libWeChatSDK.a in Frameworks */ = {isa = PBXBuildFile; fileRef = 9BDBA71919EA202300EF194D /* libWeChatSDK.a */; };
		9BDBA73B19EAC58200EF194D /* libWeChatSDK.a in Frameworks */ = {isa = PBXBuildFile; fileRef = 9BDBA71919EA202300EF194D /* libWeChatSDK.a */; };
		9BDBA73E19EB976500EF194D /* SendMsgToWechatMgr.m in Sources */ = {isa = PBXBuildFile; fileRef = 9BDBA73D19EB976500EF194D /* SendMsgToWechatMgr.m */; };
		9BDBA74219EB9B7900EF194D /* RespForWeChatViewController.mm in Sources */ = {isa = PBXBuildFile; fileRef = 9BDBA74119EB9B7800EF194D /* RespForWeChatViewController.mm */; };
		9BDBA74519EB9B9B00EF194D /* SendMsgToWeChatViewController.m in Sources */ = {isa = PBXBuildFile; fileRef = 9BDBA74419EB9B9B00EF194D /* SendMsgToWeChatViewController.m */; };
/* End PBXBuildFile section */

/* Begin PBXContainerItemProxy section */
		9B87B6B419E8E7A100F1C01C /* PBXContainerItemProxy */ = {
			isa = PBXContainerItemProxy;
			containerPortal = 9B87B69219E8E7A100F1C01C /* Project object */;
			proxyType = 1;
			remoteGlobalIDString = 9B87B69919E8E7A100F1C01C;
			remoteInfo = Shareability;
		};
		9B87B6D019E8EF7900F1C01C /* PBXContainerItemProxy */ = {
			isa = PBXContainerItemProxy;
			containerPortal = 9B87B69219E8E7A100F1C01C /* Project object */;
			proxyType = 1;
			remoteGlobalIDString = 9B87B6C619E8EF7900F1C01C;
			remoteInfo = Wechat;
		};
		9B87B6D319E8EF7900F1C01C /* PBXContainerItemProxy */ = {
			isa = PBXContainerItemProxy;
			containerPortal = 9B87B69219E8E7A100F1C01C /* Project object */;
			proxyType = 1;
			remoteGlobalIDString = 9B87B6C619E8EF7900F1C01C;
			remoteInfo = Wechat;
		};
/* End PBXContainerItemProxy section */

/* Begin PBXCopyFilesBuildPhase section */
		9B87B6D819E8EF7900F1C01C /* Embed App Extensions */ = {
			isa = PBXCopyFilesBuildPhase;
			buildActionMask = 2147483647;
			dstPath = "";
			dstSubfolderSpec = 13;
			files = (
				9B87B6D219E8EF7900F1C01C /* Wechat.appex in Embed App Extensions */,
			);
			name = "Embed App Extensions";
			runOnlyForDeploymentPostprocessing = 0;
		};
/* End PBXCopyFilesBuildPhase section */

/* Begin PBXFileReference section */
		14DE7A0B6B434F5AA4636826 /* libPods.a */ = {isa = PBXFileReference; explicitFileType = archive.ar; includeInIndex = 0; path = libPods.a; sourceTree = BUILT_PRODUCTS_DIR; };
		9B87B69A19E8E7A100F1C01C /* Wechat Share.app */ = {isa = PBXFileReference; explicitFileType = wrapper.application; includeInIndex = 0; path = "Wechat Share.app"; sourceTree = BUILT_PRODUCTS_DIR; };
		9B87B69E19E8E7A100F1C01C /* Info.plist */ = {isa = PBXFileReference; lastKnownFileType = text.plist.xml; path = Info.plist; sourceTree = "<group>"; };
		9B87B69F19E8E7A100F1C01C /* main.m */ = {isa = PBXFileReference; lastKnownFileType = sourcecode.c.objc; path = main.m; sourceTree = "<group>"; };
		9B87B6A119E8E7A100F1C01C /* AppDelegate.h */ = {isa = PBXFileReference; lastKnownFileType = sourcecode.c.h; path = AppDelegate.h; sourceTree = "<group>"; };
		9B87B6A219E8E7A100F1C01C /* AppDelegate.m */ = {isa = PBXFileReference; lastKnownFileType = sourcecode.c.objc; path = AppDelegate.m; sourceTree = "<group>"; };
		9B87B6A419E8E7A100F1C01C /* ViewController.h */ = {isa = PBXFileReference; lastKnownFileType = sourcecode.c.h; path = ViewController.h; sourceTree = "<group>"; };
		9B87B6A519E8E7A100F1C01C /* ViewController.m */ = {isa = PBXFileReference; lastKnownFileType = sourcecode.c.objc; path = ViewController.m; sourceTree = "<group>"; };
		9B87B6A819E8E7A100F1C01C /* Base */ = {isa = PBXFileReference; lastKnownFileType = file.storyboard; name = Base; path = Base.lproj/Main.storyboard; sourceTree = "<group>"; };
		9B87B6AA19E8E7A100F1C01C /* Images.xcassets */ = {isa = PBXFileReference; lastKnownFileType = folder.assetcatalog; path = Images.xcassets; sourceTree = "<group>"; };
		9B87B6AD19E8E7A100F1C01C /* Base */ = {isa = PBXFileReference; lastKnownFileType = file.xib; name = Base; path = Base.lproj/LaunchScreen.xib; sourceTree = "<group>"; };
		9B87B6B319E8E7A100F1C01C /* Wechat ShareTests.xctest */ = {isa = PBXFileReference; explicitFileType = wrapper.cfbundle; includeInIndex = 0; path = "Wechat ShareTests.xctest"; sourceTree = BUILT_PRODUCTS_DIR; };
		9B87B6B819E8E7A100F1C01C /* Info.plist */ = {isa = PBXFileReference; lastKnownFileType = text.plist.xml; path = Info.plist; sourceTree = "<group>"; };
		9B87B6B919E8E7A100F1C01C /* ShareabilityTests.m */ = {isa = PBXFileReference; lastKnownFileType = sourcecode.c.objc; path = ShareabilityTests.m; sourceTree = "<group>"; };
		9B87B6C719E8EF7900F1C01C /* Wechat.appex */ = {isa = PBXFileReference; explicitFileType = "wrapper.app-extension"; includeInIndex = 0; path = Wechat.appex; sourceTree = BUILT_PRODUCTS_DIR; };
		9B87B6CA19E8EF7900F1C01C /* Info.plist */ = {isa = PBXFileReference; lastKnownFileType = text.plist.xml; path = Info.plist; sourceTree = "<group>"; };
		9B87B6CB19E8EF7900F1C01C /* ShareViewController.h */ = {isa = PBXFileReference; lastKnownFileType = sourcecode.c.h; path = ShareViewController.h; sourceTree = "<group>"; };
		9B87B6CC19E8EF7900F1C01C /* ShareViewController.m */ = {isa = PBXFileReference; lastKnownFileType = sourcecode.c.objc; path = ShareViewController.m; sourceTree = "<group>"; };
		9B87B6CE19E8EF7900F1C01C /* MainInterface.storyboard */ = {isa = PBXFileReference; lastKnownFileType = file.storyboard; path = MainInterface.storyboard; sourceTree = "<group>"; };
		9B89750319EF06D0004D75F3 /* ConfigTableViewController.h */ = {isa = PBXFileReference; fileEncoding = 4; lastKnownFileType = sourcecode.c.h; path = ConfigTableViewController.h; sourceTree = "<group>"; };
		9B89750419EF06D0004D75F3 /* ConfigTableViewController.m */ = {isa = PBXFileReference; fileEncoding = 4; lastKnownFileType = sourcecode.c.objc; path = ConfigTableViewController.m; sourceTree = "<group>"; };
		9BB0816219F1BFA700570E1D /* AnimatedGIFImageSerialization.h */ = {isa = PBXFileReference; fileEncoding = 4; lastKnownFileType = sourcecode.c.h; path = AnimatedGIFImageSerialization.h; sourceTree = "<group>"; };
		9BB0816319F1BFA700570E1D /* AnimatedGIFImageSerialization.m */ = {isa = PBXFileReference; fileEncoding = 4; lastKnownFileType = sourcecode.c.objc; path = AnimatedGIFImageSerialization.m; sourceTree = "<group>"; };
		9BB0816619F581E100570E1D /* AVFoundation.framework */ = {isa = PBXFileReference; lastKnownFileType = wrapper.framework; name = AVFoundation.framework; path = System/Library/Frameworks/AVFoundation.framework; sourceTree = SDKROOT; };
		9BDBA71919EA202300EF194D /* libWeChatSDK.a */ = {isa = PBXFileReference; lastKnownFileType = archive.ar; path = libWeChatSDK.a; sourceTree = "<group>"; };
		9BDBA71A19EA202300EF194D /* WXApi.h */ = {isa = PBXFileReference; fileEncoding = 4; lastKnownFileType = sourcecode.c.h; path = WXApi.h; sourceTree = "<group>"; };
		9BDBA71B19EA202300EF194D /* WXApiObject.h */ = {isa = PBXFileReference; fileEncoding = 4; lastKnownFileType = sourcecode.c.h; path = WXApiObject.h; sourceTree = "<group>"; };
		9BDBA73C19EB976500EF194D /* SendMsgToWechatMgr.h */ = {isa = PBXFileReference; fileEncoding = 4; lastKnownFileType = sourcecode.c.h; path = SendMsgToWechatMgr.h; sourceTree = "<group>"; };
		9BDBA73D19EB976500EF194D /* SendMsgToWechatMgr.m */ = {isa = PBXFileReference; fileEncoding = 4; lastKnownFileType = sourcecode.c.objc; path = SendMsgToWechatMgr.m; sourceTree = "<group>"; };
		9BDBA74019EB9B7800EF194D /* RespForWeChatViewController.h */ = {isa = PBXFileReference; fileEncoding = 4; lastKnownFileType = sourcecode.c.h; path = RespForWeChatViewController.h; sourceTree = "<group>"; };
		9BDBA74119EB9B7800EF194D /* RespForWeChatViewController.mm */ = {isa = PBXFileReference; fileEncoding = 4; lastKnownFileType = sourcecode.cpp.objcpp; path = RespForWeChatViewController.mm; sourceTree = "<group>"; };
		9BDBA74319EB9B9B00EF194D /* SendMsgToWeChatViewController.h */ = {isa = PBXFileReference; fileEncoding = 4; lastKnownFileType = sourcecode.c.h; path = SendMsgToWeChatViewController.h; sourceTree = "<group>"; };
		9BDBA74419EB9B9B00EF194D /* SendMsgToWeChatViewController.m */ = {isa = PBXFileReference; fileEncoding = 4; lastKnownFileType = sourcecode.c.objc; path = SendMsgToWeChatViewController.m; sourceTree = "<group>"; };
		A11D48A05322494D81F85D7D /* Pods.xcconfig */ = {isa = PBXFileReference; includeInIndex = 1; lastKnownFileType = text.xcconfig; name = Pods.xcconfig; path = Pods/Pods.xcconfig; sourceTree = "<group>"; };
/* End PBXFileReference section */

/* Begin PBXFrameworksBuildPhase section */
		9B87B69719E8E7A100F1C01C /* Frameworks */ = {
			isa = PBXFrameworksBuildPhase;
			buildActionMask = 2147483647;
			files = (
				9BB0816719F581E100570E1D /* AVFoundation.framework in Frameworks */,
				9BDBA71C19EA202300EF194D /* libWeChatSDK.a in Frameworks */,
				95885FE38B8B45DC8B6E69BE /* libPods.a in Frameworks */,
			);
			runOnlyForDeploymentPostprocessing = 0;
		};
		9B87B6B019E8E7A100F1C01C /* Frameworks */ = {
			isa = PBXFrameworksBuildPhase;
			buildActionMask = 2147483647;
			files = (
			);
			runOnlyForDeploymentPostprocessing = 0;
		};
		9B87B6C419E8EF7900F1C01C /* Frameworks */ = {
			isa = PBXFrameworksBuildPhase;
			buildActionMask = 2147483647;
			files = (
				9BDBA73B19EAC58200EF194D /* libWeChatSDK.a in Frameworks */,
			);
			runOnlyForDeploymentPostprocessing = 0;
		};
/* End PBXFrameworksBuildPhase section */

/* Begin PBXGroup section */
		9B87B69119E8E7A100F1C01C = {
			isa = PBXGroup;
			children = (
				9B87B69C19E8E7A100F1C01C /* Shareability */,
				9B87B6B619E8E7A100F1C01C /* ShareabilityTests */,
				9B87B6C819E8EF7900F1C01C /* Wechat */,
				9B87B69B19E8E7A100F1C01C /* Products */,
				9BB2A67019F977FB0025CC7A /* Frameworks */,
				A11D48A05322494D81F85D7D /* Pods.xcconfig */,
			);
			sourceTree = "<group>";
		};
		9B87B69B19E8E7A100F1C01C /* Products */ = {
			isa = PBXGroup;
			children = (
				9B87B69A19E8E7A100F1C01C /* Wechat Share.app */,
				9B87B6B319E8E7A100F1C01C /* Wechat ShareTests.xctest */,
				9B87B6C719E8EF7900F1C01C /* Wechat.appex */,
			);
			name = Products;
			sourceTree = "<group>";
		};
		9B87B69C19E8E7A100F1C01C /* Shareability */ = {
			isa = PBXGroup;
			children = (
				9B87B6A119E8E7A100F1C01C /* AppDelegate.h */,
				9B87B6A219E8E7A100F1C01C /* AppDelegate.m */,
				9BDBA73C19EB976500EF194D /* SendMsgToWechatMgr.h */,
				9BDBA73D19EB976500EF194D /* SendMsgToWechatMgr.m */,
				9BDBA74319EB9B9B00EF194D /* SendMsgToWeChatViewController.h */,
				9BDBA74419EB9B9B00EF194D /* SendMsgToWeChatViewController.m */,
				9BDBA74019EB9B7800EF194D /* RespForWeChatViewController.h */,
				9BDBA74119EB9B7800EF194D /* RespForWeChatViewController.mm */,
				9B87B6A419E8E7A100F1C01C /* ViewController.h */,
				9B87B6A519E8E7A100F1C01C /* ViewController.m */,
				9B87B6A719E8E7A100F1C01C /* Main.storyboard */,
				9B87B6AA19E8E7A100F1C01C /* Images.xcassets */,
				9B87B6AC19E8E7A100F1C01C /* LaunchScreen.xib */,
				9B87B69D19E8E7A100F1C01C /* Supporting Files */,
			);
			path = Shareability;
			sourceTree = "<group>";
		};
		9B87B69D19E8E7A100F1C01C /* Supporting Files */ = {
			isa = PBXGroup;
			children = (
				9B87B69E19E8E7A100F1C01C /* Info.plist */,
				9B87B69F19E8E7A100F1C01C /* main.m */,
			);
			name = "Supporting Files";
			sourceTree = "<group>";
		};
		9B87B6B619E8E7A100F1C01C /* ShareabilityTests */ = {
			isa = PBXGroup;
			children = (
				9B87B6B919E8E7A100F1C01C /* ShareabilityTests.m */,
				9B87B6B719E8E7A100F1C01C /* Supporting Files */,
			);
			path = ShareabilityTests;
			sourceTree = "<group>";
		};
		9B87B6B719E8E7A100F1C01C /* Supporting Files */ = {
			isa = PBXGroup;
			children = (
				9B87B6B819E8E7A100F1C01C /* Info.plist */,
			);
			name = "Supporting Files";
			sourceTree = "<group>";
		};
		9B87B6C819E8EF7900F1C01C /* Wechat */ = {
			isa = PBXGroup;
			children = (
				9B87B6CB19E8EF7900F1C01C /* ShareViewController.h */,
				9B87B6CC19E8EF7900F1C01C /* ShareViewController.m */,
				9B89750319EF06D0004D75F3 /* ConfigTableViewController.h */,
				9B89750419EF06D0004D75F3 /* ConfigTableViewController.m */,
				9B87B6CE19E8EF7900F1C01C /* MainInterface.storyboard */,
				9B87B6C919E8EF7900F1C01C /* Supporting Files */,
			);
			path = Wechat;
			sourceTree = "<group>";
		};
		9B87B6C919E8EF7900F1C01C /* Supporting Files */ = {
			isa = PBXGroup;
			children = (
				9B87B6CA19E8EF7900F1C01C /* Info.plist */,
			);
			name = "Supporting Files";
			sourceTree = "<group>";
		};
		9BB0816119F1BFA700570E1D /* AnimatedGIFImageSerialization */ = {
			isa = PBXGroup;
			children = (
				9BB0816219F1BFA700570E1D /* AnimatedGIFImageSerialization.h */,
				9BB0816319F1BFA700570E1D /* AnimatedGIFImageSerialization.m */,
			);
			path = AnimatedGIFImageSerialization;
			sourceTree = "<group>";
		};
		9BB2A67019F977FB0025CC7A /* Frameworks */ = {
			isa = PBXGroup;
			children = (
				9BB0816619F581E100570E1D /* AVFoundation.framework */,
				9BB0816119F1BFA700570E1D /* AnimatedGIFImageSerialization */,
				9BDBA71819EA202300EF194D /* SDKExport */,
				14DE7A0B6B434F5AA4636826 /* libPods.a */,
			);
			name = Frameworks;
			sourceTree = "<group>";
		};
		9BDBA71819EA202300EF194D /* SDKExport */ = {
			isa = PBXGroup;
			children = (
				9BDBA71919EA202300EF194D /* libWeChatSDK.a */,
				9BDBA71A19EA202300EF194D /* WXApi.h */,
				9BDBA71B19EA202300EF194D /* WXApiObject.h */,
			);
			path = SDKExport;
			sourceTree = "<group>";
		};
/* End PBXGroup section */

/* Begin PBXNativeTarget section */
		9B87B69919E8E7A100F1C01C /* Wechat Share */ = {
			isa = PBXNativeTarget;
			buildConfigurationList = 9B87B6BD19E8E7A100F1C01C /* Build configuration list for PBXNativeTarget "Wechat Share" */;
			buildPhases = (
				A606117F23E3434A809AD426 /* Check Pods Manifest.lock */,
				9B87B69619E8E7A100F1C01C /* Sources */,
				9B87B69719E8E7A100F1C01C /* Frameworks */,
				9B87B69819E8E7A100F1C01C /* Resources */,
				9B87B6D819E8EF7900F1C01C /* Embed App Extensions */,
				7D442139F1AE4714B27A6545 /* Copy Pods Resources */,
			);
			buildRules = (
			);
			dependencies = (
				9B87B6D119E8EF7900F1C01C /* PBXTargetDependency */,
				9B87B6D419E8EF7900F1C01C /* PBXTargetDependency */,
			);
			name = "Wechat Share";
			productName = Shareability;
			productReference = 9B87B69A19E8E7A100F1C01C /* Wechat Share.app */;
			productType = "com.apple.product-type.application";
		};
		9B87B6B219E8E7A100F1C01C /* Wechat ShareTests */ = {
			isa = PBXNativeTarget;
			buildConfigurationList = 9B87B6C019E8E7A100F1C01C /* Build configuration list for PBXNativeTarget "Wechat ShareTests" */;
			buildPhases = (
				9B87B6AF19E8E7A100F1C01C /* Sources */,
				9B87B6B019E8E7A100F1C01C /* Frameworks */,
				9B87B6B119E8E7A100F1C01C /* Resources */,
			);
			buildRules = (
			);
			dependencies = (
				9B87B6B519E8E7A100F1C01C /* PBXTargetDependency */,
			);
			name = "Wechat ShareTests";
			productName = ShareabilityTests;
			productReference = 9B87B6B319E8E7A100F1C01C /* Wechat ShareTests.xctest */;
			productType = "com.apple.product-type.bundle.unit-test";
		};
		9B87B6C619E8EF7900F1C01C /* Wechat */ = {
			isa = PBXNativeTarget;
			buildConfigurationList = 9B87B6D519E8EF7900F1C01C /* Build configuration list for PBXNativeTarget "Wechat" */;
			buildPhases = (
				9B87B6C319E8EF7900F1C01C /* Sources */,
				9B87B6C419E8EF7900F1C01C /* Frameworks */,
				9B87B6C519E8EF7900F1C01C /* Resources */,
			);
			buildRules = (
			);
			dependencies = (
			);
			name = Wechat;
			productName = Wechat;
			productReference = 9B87B6C719E8EF7900F1C01C /* Wechat.appex */;
			productType = "com.apple.product-type.app-extension";
		};
/* End PBXNativeTarget section */

/* Begin PBXProject section */
		9B87B69219E8E7A100F1C01C /* Project object */ = {
			isa = PBXProject;
			attributes = {
				LastUpgradeCheck = 0600;
				ORGANIZATIONNAME = "Black Frog";
				TargetAttributes = {
					9B87B69919E8E7A100F1C01C = {
						CreatedOnToolsVersion = 6.0.1;
					};
					9B87B6B219E8E7A100F1C01C = {
						CreatedOnToolsVersion = 6.0.1;
						TestTargetID = 9B87B69919E8E7A100F1C01C;
					};
					9B87B6C619E8EF7900F1C01C = {
						CreatedOnToolsVersion = 6.0.1;
						DevelopmentTeam = SDR7T9YB58;
					};
				};
			};
			buildConfigurationList = 9B87B69519E8E7A100F1C01C /* Build configuration list for PBXProject "Wechat Share" */;
			compatibilityVersion = "Xcode 3.2";
			developmentRegion = English;
			hasScannedForEncodings = 0;
			knownRegions = (
				en,
				Base,
			);
			mainGroup = 9B87B69119E8E7A100F1C01C;
			productRefGroup = 9B87B69B19E8E7A100F1C01C /* Products */;
			projectDirPath = "";
			projectRoot = "";
			targets = (
				9B87B69919E8E7A100F1C01C /* Wechat Share */,
				9B87B6B219E8E7A100F1C01C /* Wechat ShareTests */,
				9B87B6C619E8EF7900F1C01C /* Wechat */,
			);
		};
/* End PBXProject section */

/* Begin PBXResourcesBuildPhase section */
		9B87B69819E8E7A100F1C01C /* Resources */ = {
			isa = PBXResourcesBuildPhase;
			buildActionMask = 2147483647;
			files = (
				9B87B6A919E8E7A100F1C01C /* Main.storyboard in Resources */,
				9B87B6AE19E8E7A100F1C01C /* LaunchScreen.xib in Resources */,
				9B87B6AB19E8E7A100F1C01C /* Images.xcassets in Resources */,
			);
			runOnlyForDeploymentPostprocessing = 0;
		};
		9B87B6B119E8E7A100F1C01C /* Resources */ = {
			isa = PBXResourcesBuildPhase;
			buildActionMask = 2147483647;
			files = (
			);
			runOnlyForDeploymentPostprocessing = 0;
		};
		9B87B6C519E8EF7900F1C01C /* Resources */ = {
			isa = PBXResourcesBuildPhase;
			buildActionMask = 2147483647;
			files = (
				9B87B6CF19E8EF7900F1C01C /* MainInterface.storyboard in Resources */,
			);
			runOnlyForDeploymentPostprocessing = 0;
		};
/* End PBXResourcesBuildPhase section */

/* Begin PBXShellScriptBuildPhase section */
		7D442139F1AE4714B27A6545 /* Copy Pods Resources */ = {
			isa = PBXShellScriptBuildPhase;
			buildActionMask = 2147483647;
			files = (
			);
			inputPaths = (
			);
			name = "Copy Pods Resources";
			outputPaths = (
			);
			runOnlyForDeploymentPostprocessing = 0;
			shellPath = /bin/sh;
			shellScript = "\"${SRCROOT}/Pods/Pods-resources.sh\"\n";
			showEnvVarsInLog = 0;
		};
		A606117F23E3434A809AD426 /* Check Pods Manifest.lock */ = {
			isa = PBXShellScriptBuildPhase;
			buildActionMask = 2147483647;
			files = (
			);
			inputPaths = (
			);
			name = "Check Pods Manifest.lock";
			outputPaths = (
			);
			runOnlyForDeploymentPostprocessing = 0;
			shellPath = /bin/sh;
			shellScript = "diff \"${PODS_ROOT}/../Podfile.lock\" \"${PODS_ROOT}/Manifest.lock\" > /dev/null\nif [[ $? != 0 ]] ; then\n    cat << EOM\nerror: The sandbox is not in sync with the Podfile.lock. Run 'pod install' or update your CocoaPods installation.\nEOM\n    exit 1\nfi\n";
			showEnvVarsInLog = 0;
		};
/* End PBXShellScriptBuildPhase section */

/* Begin PBXSourcesBuildPhase section */
		9B87B69619E8E7A100F1C01C /* Sources */ = {
			isa = PBXSourcesBuildPhase;
			buildActionMask = 2147483647;
			files = (
				9B87B6A619E8E7A100F1C01C /* ViewController.m in Sources */,
				9BDBA73E19EB976500EF194D /* SendMsgToWechatMgr.m in Sources */,
				9BDBA74219EB9B7900EF194D /* RespForWeChatViewController.mm in Sources */,
				9BDBA74519EB9B9B00EF194D /* SendMsgToWeChatViewController.m in Sources */,
				9B87B6A319E8E7A100F1C01C /* AppDelegate.m in Sources */,
				9B87B6A019E8E7A100F1C01C /* main.m in Sources */,
				9BB0816419F1BFA700570E1D /* AnimatedGIFImageSerialization.m in Sources */,
			);
			runOnlyForDeploymentPostprocessing = 0;
		};
		9B87B6AF19E8E7A100F1C01C /* Sources */ = {
			isa = PBXSourcesBuildPhase;
			buildActionMask = 2147483647;
			files = (
				9B87B6BA19E8E7A100F1C01C /* ShareabilityTests.m in Sources */,
			);
			runOnlyForDeploymentPostprocessing = 0;
		};
		9B87B6C319E8EF7900F1C01C /* Sources */ = {
			isa = PBXSourcesBuildPhase;
			buildActionMask = 2147483647;
			files = (
				9BB0816519F1BFA700570E1D /* AnimatedGIFImageSerialization.m in Sources */,
				9B87B6CD19E8EF7900F1C01C /* ShareViewController.m in Sources */,
				9B89750519EF06D0004D75F3 /* ConfigTableViewController.m in Sources */,
			);
			runOnlyForDeploymentPostprocessing = 0;
		};
/* End PBXSourcesBuildPhase section */

/* Begin PBXTargetDependency section */
		9B87B6B519E8E7A100F1C01C /* PBXTargetDependency */ = {
			isa = PBXTargetDependency;
			target = 9B87B69919E8E7A100F1C01C /* Wechat Share */;
			targetProxy = 9B87B6B419E8E7A100F1C01C /* PBXContainerItemProxy */;
		};
		9B87B6D119E8EF7900F1C01C /* PBXTargetDependency */ = {
			isa = PBXTargetDependency;
			target = 9B87B6C619E8EF7900F1C01C /* Wechat */;
			targetProxy = 9B87B6D019E8EF7900F1C01C /* PBXContainerItemProxy */;
		};
		9B87B6D419E8EF7900F1C01C /* PBXTargetDependency */ = {
			isa = PBXTargetDependency;
			target = 9B87B6C619E8EF7900F1C01C /* Wechat */;
			targetProxy = 9B87B6D319E8EF7900F1C01C /* PBXContainerItemProxy */;
		};
/* End PBXTargetDependency section */

/* Begin PBXVariantGroup section */
		9B87B6A719E8E7A100F1C01C /* Main.storyboard */ = {
			isa = PBXVariantGroup;
			children = (
				9B87B6A819E8E7A100F1C01C /* Base */,
			);
			name = Main.storyboard;
			sourceTree = "<group>";
		};
		9B87B6AC19E8E7A100F1C01C /* LaunchScreen.xib */ = {
			isa = PBXVariantGroup;
			children = (
				9B87B6AD19E8E7A100F1C01C /* Base */,
			);
			name = LaunchScreen.xib;
			sourceTree = "<group>";
		};
/* End PBXVariantGroup section */

/* Begin XCBuildConfiguration section */
		9B87B6BB19E8E7A100F1C01C /* Debug */ = {
			isa = XCBuildConfiguration;
			buildSettings = {
				ALWAYS_SEARCH_USER_PATHS = NO;
				CLANG_CXX_LANGUAGE_STANDARD = "gnu++0x";
				CLANG_CXX_LIBRARY = "libc++";
				CLANG_ENABLE_MODULES = YES;
				CLANG_ENABLE_OBJC_ARC = YES;
				CLANG_WARN_BOOL_CONVERSION = YES;
				CLANG_WARN_CONSTANT_CONVERSION = YES;
				CLANG_WARN_DIRECT_OBJC_ISA_USAGE = YES_ERROR;
				CLANG_WARN_EMPTY_BODY = YES;
				CLANG_WARN_ENUM_CONVERSION = YES;
				CLANG_WARN_INT_CONVERSION = YES;
				CLANG_WARN_OBJC_ROOT_CLASS = YES_ERROR;
				CLANG_WARN_UNREACHABLE_CODE = YES;
				CLANG_WARN__DUPLICATE_METHOD_MATCH = YES;
				"CODE_SIGN_IDENTITY[sdk=iphoneos*]" = "iPhone Developer";
				COPY_PHASE_STRIP = NO;
				ENABLE_STRICT_OBJC_MSGSEND = YES;
				GCC_C_LANGUAGE_STANDARD = gnu99;
				GCC_DYNAMIC_NO_PIC = NO;
				GCC_OPTIMIZATION_LEVEL = 0;
				GCC_PREPROCESSOR_DEFINITIONS = (
					"DEBUG=1",
					"$(inherited)",
				);
				GCC_SYMBOLS_PRIVATE_EXTERN = NO;
				GCC_WARN_64_TO_32_BIT_CONVERSION = YES;
				GCC_WARN_ABOUT_RETURN_TYPE = YES_ERROR;
				GCC_WARN_UNDECLARED_SELECTOR = YES;
				GCC_WARN_UNINITIALIZED_AUTOS = YES_AGGRESSIVE;
				GCC_WARN_UNUSED_FUNCTION = YES;
				GCC_WARN_UNUSED_VARIABLE = YES;
				IPHONEOS_DEPLOYMENT_TARGET = 8.0;
				MTL_ENABLE_DEBUG_INFO = YES;
				ONLY_ACTIVE_ARCH = YES;
				SDKROOT = iphoneos;
				TARGETED_DEVICE_FAMILY = "1,2";
			};
			name = Debug;
		};
		9B87B6BC19E8E7A100F1C01C /* Release */ = {
			isa = XCBuildConfiguration;
			buildSettings = {
				ALWAYS_SEARCH_USER_PATHS = NO;
				CLANG_CXX_LANGUAGE_STANDARD = "gnu++0x";
				CLANG_CXX_LIBRARY = "libc++";
				CLANG_ENABLE_MODULES = YES;
				CLANG_ENABLE_OBJC_ARC = YES;
				CLANG_WARN_BOOL_CONVERSION = YES;
				CLANG_WARN_CONSTANT_CONVERSION = YES;
				CLANG_WARN_DIRECT_OBJC_ISA_USAGE = YES_ERROR;
				CLANG_WARN_EMPTY_BODY = YES;
				CLANG_WARN_ENUM_CONVERSION = YES;
				CLANG_WARN_INT_CONVERSION = YES;
				CLANG_WARN_OBJC_ROOT_CLASS = YES_ERROR;
				CLANG_WARN_UNREACHABLE_CODE = YES;
				CLANG_WARN__DUPLICATE_METHOD_MATCH = YES;
				"CODE_SIGN_IDENTITY[sdk=iphoneos*]" = "iPhone Developer";
				COPY_PHASE_STRIP = YES;
				ENABLE_NS_ASSERTIONS = NO;
				ENABLE_STRICT_OBJC_MSGSEND = YES;
				GCC_C_LANGUAGE_STANDARD = gnu99;
				GCC_WARN_64_TO_32_BIT_CONVERSION = YES;
				GCC_WARN_ABOUT_RETURN_TYPE = YES_ERROR;
				GCC_WARN_UNDECLARED_SELECTOR = YES;
				GCC_WARN_UNINITIALIZED_AUTOS = YES_AGGRESSIVE;
				GCC_WARN_UNUSED_FUNCTION = YES;
				GCC_WARN_UNUSED_VARIABLE = YES;
				IPHONEOS_DEPLOYMENT_TARGET = 8.0;
				MTL_ENABLE_DEBUG_INFO = NO;
				SDKROOT = iphoneos;
				TARGETED_DEVICE_FAMILY = "1,2";
				VALIDATE_PRODUCT = YES;
			};
			name = Release;
		};
		9B87B6BE19E8E7A100F1C01C /* Debug */ = {
			isa = XCBuildConfiguration;
			baseConfigurationReference = A11D48A05322494D81F85D7D /* Pods.xcconfig */;
			buildSettings = {
				ASSETCATALOG_COMPILER_APPICON_NAME = AppIcon;
				ASSETCATALOG_COMPILER_LAUNCHIMAGE_NAME = LaunchImage;
				FRAMEWORK_SEARCH_PATHS = $inherited;
				HEADER_SEARCH_PATHS = (
					"\"${PODS_ROOT}/Headers\"",
					"\"${PODS_ROOT}/Headers/JGProgressHUD\"",
					$inherited,
				);
				INFOPLIST_FILE = Shareability/Info.plist;
				LD_RUNPATH_SEARCH_PATHS = "$(inherited) @executable_path/Frameworks";
				LIBRARY_SEARCH_PATHS = (
					"$(inherited)",
					"$(PROJECT_DIR)/SDKExport",
				);
				PRODUCT_NAME = "Wechat Share";
				TARGETED_DEVICE_FAMILY = 1;
			};
			name = Debug;
		};
		9B87B6BF19E8E7A100F1C01C /* Release */ = {
			isa = XCBuildConfiguration;
			baseConfigurationReference = A11D48A05322494D81F85D7D /* Pods.xcconfig */;
			buildSettings = {
				ASSETCATALOG_COMPILER_APPICON_NAME = AppIcon;
				ASSETCATALOG_COMPILER_LAUNCHIMAGE_NAME = LaunchImage;
				FRAMEWORK_SEARCH_PATHS = $inherited;
				HEADER_SEARCH_PATHS = (
					"\"${PODS_ROOT}/Headers\"",
					"\"${PODS_ROOT}/Headers/JGProgressHUD\"",
					$inherited,
				);
				INFOPLIST_FILE = Shareability/Info.plist;
				LD_RUNPATH_SEARCH_PATHS = "$(inherited) @executable_path/Frameworks";
				LIBRARY_SEARCH_PATHS = (
					"$(inherited)",
					"$(PROJECT_DIR)/SDKExport",
				);
				PRODUCT_NAME = "Wechat Share";
				TARGETED_DEVICE_FAMILY = 1;
			};
			name = Release;
		};
		9B87B6C119E8E7A100F1C01C /* Debug */ = {
			isa = XCBuildConfiguration;
			baseConfigurationReference = A11D48A05322494D81F85D7D /* Pods.xcconfig */;
			buildSettings = {
				BUNDLE_LOADER = "$(TEST_HOST)";
				FRAMEWORK_SEARCH_PATHS = (
					"$(SDKROOT)/Developer/Library/Frameworks",
					"$(inherited)",
				);
				GCC_PREPROCESSOR_DEFINITIONS = (
					"DEBUG=1",
					"$(inherited)",
				);
				INFOPLIST_FILE = ShareabilityTests/Info.plist;
				LD_RUNPATH_SEARCH_PATHS = "$(inherited) @executable_path/Frameworks @loader_path/Frameworks";
				PRODUCT_NAME = "Wechat ShareTests";
				TEST_HOST = "$(BUILT_PRODUCTS_DIR)/Shareability.app/Shareability";
			};
			name = Debug;
		};
		9B87B6C219E8E7A100F1C01C /* Release */ = {
			isa = XCBuildConfiguration;
			baseConfigurationReference = A11D48A05322494D81F85D7D /* Pods.xcconfig */;
			buildSettings = {
				BUNDLE_LOADER = "$(TEST_HOST)";
				FRAMEWORK_SEARCH_PATHS = (
					"$(SDKROOT)/Developer/Library/Frameworks",
					"$(inherited)",
				);
				INFOPLIST_FILE = ShareabilityTests/Info.plist;
				LD_RUNPATH_SEARCH_PATHS = "$(inherited) @executable_path/Frameworks @loader_path/Frameworks";
				PRODUCT_NAME = "Wechat ShareTests";
				TEST_HOST = "$(BUILT_PRODUCTS_DIR)/Shareability.app/Shareability";
			};
			name = Release;
		};
		9B87B6D619E8EF7900F1C01C /* Debug */ = {
			isa = XCBuildConfiguration;
			baseConfigurationReference = A11D48A05322494D81F85D7D /* Pods.xcconfig */;
			buildSettings = {
				ARCHS = "$(ARCHS_STANDARD)";
				ASSETCATALOG_COMPILER_APPICON_NAME = "AppIcon-wechat";
				ASSETCATALOG_COMPILER_LAUNCHIMAGE_NAME = LaunchImage;
				GCC_PREPROCESSOR_DEFINITIONS = (
					"DEBUG=1",
					"$(inherited)",
				);
				HEADER_SEARCH_PATHS = (
					"\"${PODS_ROOT}/Headers\"/**",
					"$(BUILT_PRODUCTS_DIR)/**",
					"\"${PODS_ROOT}/BuildHeaders\"/**",
				);
				INFOPLIST_FILE = Wechat/Info.plist;
				LD_RUNPATH_SEARCH_PATHS = "$(inherited) @executable_path/Frameworks @executable_path/../../Frameworks";
				LIBRARY_SEARCH_PATHS = (
					"$(inherited)",
					"$(PROJECT_DIR)/SDKExport",
				);
				PRODUCT_NAME = "$(TARGET_NAME)";
				SKIP_INSTALL = YES;
			};
			name = Debug;
		};
		9B87B6D719E8EF7900F1C01C /* Release */ = {
			isa = XCBuildConfiguration;
			baseConfigurationReference = A11D48A05322494D81F85D7D /* Pods.xcconfig */;
			buildSettings = {
				ARCHS = "$(ARCHS_STANDARD)";
				ASSETCATALOG_COMPILER_APPICON_NAME = "AppIcon-wechat";
				ASSETCATALOG_COMPILER_LAUNCHIMAGE_NAME = LaunchImage;
				HEADER_SEARCH_PATHS = (
					"\"${PODS_ROOT}/Headers\"/**",
					"$(BUILT_PRODUCTS_DIR)/**",
					"\"${PODS_ROOT}/BuildHeaders\"/**",
				);
				INFOPLIST_FILE = Wechat/Info.plist;
				LD_RUNPATH_SEARCH_PATHS = "$(inherited) @executable_path/Frameworks @executable_path/../../Frameworks";
				LIBRARY_SEARCH_PATHS = (
					"$(inherited)",
					"$(PROJECT_DIR)/SDKExport",
				);
				PRODUCT_NAME = "$(TARGET_NAME)";
				SKIP_INSTALL = YES;
			};
			name = Release;
		};
/* End XCBuildConfiguration section */

/* Begin XCConfigurationList section */
		9B87B69519E8E7A100F1C01C /* Build configuration list for PBXProject "Wechat Share" */ = {
			isa = XCConfigurationList;
			buildConfigurations = (
				9B87B6BB19E8E7A100F1C01C /* Debug */,
				9B87B6BC19E8E7A100F1C01C /* Release */,
			);
			defaultConfigurationIsVisible = 0;
			defaultConfigurationName = Release;
		};
		9B87B6BD19E8E7A100F1C01C /* Build configuration list for PBXNativeTarget "Wechat Share" */ = {
			isa = XCConfigurationList;
			buildConfigurations = (
				9B87B6BE19E8E7A100F1C01C /* Debug */,
				9B87B6BF19E8E7A100F1C01C /* Release */,
			);
			defaultConfigurationIsVisible = 0;
			defaultConfigurationName = Release;
		};
		9B87B6C019E8E7A100F1C01C /* Build configuration list for PBXNativeTarget "Wechat ShareTests" */ = {
			isa = XCConfigurationList;
			buildConfigurations = (
				9B87B6C119E8E7A100F1C01C /* Debug */,
				9B87B6C219E8E7A100F1C01C /* Release */,
			);
			defaultConfigurationIsVisible = 0;
			defaultConfigurationName = Release;
		};
		9B87B6D519E8EF7900F1C01C /* Build configuration list for PBXNativeTarget "Wechat" */ = {
			isa = XCConfigurationList;
			buildConfigurations = (
				9B87B6D619E8EF7900F1C01C /* Debug */,
				9B87B6D719E8EF7900F1C01C /* Release */,
			);
			defaultConfigurationIsVisible = 0;
			defaultConfigurationName = Release;
		};
/* End XCConfigurationList section */
	};
	rootObject = 9B87B69219E8E7A100F1C01C /* Project object */;
}
