// !$*UTF8*$!
{
	archiveVersion = 1;
	classes = {
	};
	objectVersion = 46;
	objects = {

/* Begin PBXBuildFile section */
		9B004D6619FCC25C005EFB02 /* StoreKit.framework in Frameworks */ = {isa = PBXBuildFile; fileRef = 9B004D6519FCC25C005EFB02 /* StoreKit.framework */; };
		9B134FBE19FFED3900A6FB32 /* Wechat Share silent 2.mp4 in Resources */ = {isa = PBXBuildFile; fileRef = 9B134FBD19FFED3900A6FB32 /* Wechat Share silent 2.mp4 */; };
		9B134FBF19FFEE7100A6FB32 /* AVFoundation.framework in Frameworks */ = {isa = PBXBuildFile; fileRef = 9BB0816619F581E100570E1D /* AVFoundation.framework */; };
		9B2DFCD219FD759600DEE429 /* CargoManager.m in Sources */ = {isa = PBXBuildFile; fileRef = 9B2DFCCF19FD759600DEE429 /* CargoManager.m */; };
		9B2DFCD319FD759600DEE429 /* CargoManagerLocalizable.strings in Resources */ = {isa = PBXBuildFile; fileRef = 9B2DFCD019FD759600DEE429 /* CargoManagerLocalizable.strings */; };
		9B4670CA1A02DE8C00BA3E13 /* UnlockViewController.m in Sources */ = {isa = PBXBuildFile; fileRef = 9B4670C91A02DE8C00BA3E13 /* UnlockViewController.m */; };
		9B6D1D191A0025EB009A1E18 /* MusicNotes.png in Resources */ = {isa = PBXBuildFile; fileRef = 9B6D1D171A0025EB009A1E18 /* MusicNotes.png */; };
		9B6D1D1A1A0025EB009A1E18 /* MusicNotes@2x.png in Resources */ = {isa = PBXBuildFile; fileRef = 9B6D1D181A0025EB009A1E18 /* MusicNotes@2x.png */; };
		9B6D1D271A00276A009A1E18 /* AudioToolbox.framework in Frameworks */ = {isa = PBXBuildFile; fileRef = 9B6D1D261A00276A009A1E18 /* AudioToolbox.framework */; };
		9B7C650719FC8DE600C422D5 /* CargoBay.m in Sources */ = {isa = PBXBuildFile; fileRef = 9B7C650619FC8DE600C422D5 /* CargoBay.m */; };
		9B7C651C19FC8F9800C422D5 /* AFHTTPRequestOperation.m in Sources */ = {isa = PBXBuildFile; fileRef = 9B7C650A19FC8F9700C422D5 /* AFHTTPRequestOperation.m */; };
		9B7C651D19FC8F9800C422D5 /* AFHTTPRequestOperationManager.m in Sources */ = {isa = PBXBuildFile; fileRef = 9B7C650C19FC8F9700C422D5 /* AFHTTPRequestOperationManager.m */; };
		9B7C651E19FC8F9800C422D5 /* AFHTTPSessionManager.m in Sources */ = {isa = PBXBuildFile; fileRef = 9B7C650E19FC8F9700C422D5 /* AFHTTPSessionManager.m */; };
		9B7C651F19FC8F9800C422D5 /* AFNetworkReachabilityManager.m in Sources */ = {isa = PBXBuildFile; fileRef = 9B7C651119FC8F9700C422D5 /* AFNetworkReachabilityManager.m */; };
		9B7C652019FC8F9800C422D5 /* AFSecurityPolicy.m in Sources */ = {isa = PBXBuildFile; fileRef = 9B7C651319FC8F9700C422D5 /* AFSecurityPolicy.m */; };
		9B7C652119FC8F9800C422D5 /* AFURLConnectionOperation.m in Sources */ = {isa = PBXBuildFile; fileRef = 9B7C651519FC8F9700C422D5 /* AFURLConnectionOperation.m */; };
		9B7C652219FC8F9800C422D5 /* AFURLRequestSerialization.m in Sources */ = {isa = PBXBuildFile; fileRef = 9B7C651719FC8F9700C422D5 /* AFURLRequestSerialization.m */; };
		9B7C652319FC8F9800C422D5 /* AFURLResponseSerialization.m in Sources */ = {isa = PBXBuildFile; fileRef = 9B7C651919FC8F9700C422D5 /* AFURLResponseSerialization.m */; };
		9B7C652419FC8F9800C422D5 /* AFURLSessionManager.m in Sources */ = {isa = PBXBuildFile; fileRef = 9B7C651B19FC8F9800C422D5 /* AFURLSessionManager.m */; };
		9B87B6A019E8E7A100F1C01C /* main.m in Sources */ = {isa = PBXBuildFile; fileRef = 9B87B69F19E8E7A100F1C01C /* main.m */; };
		9B87B6A319E8E7A100F1C01C /* AppDelegate.m in Sources */ = {isa = PBXBuildFile; fileRef = 9B87B6A219E8E7A100F1C01C /* AppDelegate.m */; };
		9B87B6A619E8E7A100F1C01C /* ViewController.m in Sources */ = {isa = PBXBuildFile; fileRef = 9B87B6A519E8E7A100F1C01C /* ViewController.m */; };
		9B87B6A919E8E7A100F1C01C /* Main.storyboard in Resources */ = {isa = PBXBuildFile; fileRef = 9B87B6A719E8E7A100F1C01C /* Main.storyboard */; };
		9B87B6AB19E8E7A100F1C01C /* Images.xcassets in Resources */ = {isa = PBXBuildFile; fileRef = 9B87B6AA19E8E7A100F1C01C /* Images.xcassets */; };
		9B87B6AE19E8E7A100F1C01C /* LaunchScreen.xib in Resources */ = {isa = PBXBuildFile; fileRef = 9B87B6AC19E8E7A100F1C01C /* LaunchScreen.xib */; };
		9B87B6CD19E8EF7900F1C01C /* ShareViewController.m in Sources */ = {isa = PBXBuildFile; fileRef = 9B87B6CC19E8EF7900F1C01C /* ShareViewController.m */; };
		9B87B6CF19E8EF7900F1C01C /* MainInterface.storyboard in Resources */ = {isa = PBXBuildFile; fileRef = 9B87B6CE19E8EF7900F1C01C /* MainInterface.storyboard */; };
		9B87B6D219E8EF7900F1C01C /* WeChat.appex in Embed App Extensions */ = {isa = PBXBuildFile; fileRef = 9B87B6C719E8EF7900F1C01C /* WeChat.appex */; settings = {ATTRIBUTES = (RemoveHeadersOnCopy, ); }; };
		9B89750519EF06D0004D75F3 /* ConfigTableViewController.m in Sources */ = {isa = PBXBuildFile; fileRef = 9B89750419EF06D0004D75F3 /* ConfigTableViewController.m */; };
		9BB0816419F1BFA700570E1D /* AnimatedGIFImageSerialization.m in Sources */ = {isa = PBXBuildFile; fileRef = 9BB0816319F1BFA700570E1D /* AnimatedGIFImageSerialization.m */; };
		9BB0816519F1BFA700570E1D /* AnimatedGIFImageSerialization.m in Sources */ = {isa = PBXBuildFile; fileRef = 9BB0816319F1BFA700570E1D /* AnimatedGIFImageSerialization.m */; };
		9BB0816719F581E100570E1D /* AVFoundation.framework in Frameworks */ = {isa = PBXBuildFile; fileRef = 9BB0816619F581E100570E1D /* AVFoundation.framework */; };
		9BB367C31A01887000589D0E /* TPAACAudioConverter.m in Sources */ = {isa = PBXBuildFile; fileRef = 9BB367C21A01887000589D0E /* TPAACAudioConverter.m */; };
		9BB367C61A01887F00589D0E /* libmp3lame.a in Frameworks */ = {isa = PBXBuildFile; fileRef = 9BB367C51A01887F00589D0E /* libmp3lame.a */; };
		9BDA98C019FA1CDE004240E6 /* libWeChatSDK.a in Frameworks */ = {isa = PBXBuildFile; fileRef = 9BDA98BF19FA1CDE004240E6 /* libWeChatSDK.a */; };
		9BDA98C119FA1CDE004240E6 /* libWeChatSDK.a in Frameworks */ = {isa = PBXBuildFile; fileRef = 9BDA98BF19FA1CDE004240E6 /* libWeChatSDK.a */; };
		9BDBA73E19EB976500EF194D /* SendMsgToWechatMgr.m in Sources */ = {isa = PBXBuildFile; fileRef = 9BDBA73D19EB976500EF194D /* SendMsgToWechatMgr.m */; };
		9BFBA9511A02E45A00E2B765 /* JGProgressHUD Resources.bundle in Resources */ = {isa = PBXBuildFile; fileRef = 9BFBA93C1A02E45A00E2B765 /* JGProgressHUD Resources.bundle */; };
		9BFBA9521A02E45A00E2B765 /* JGProgressHUD.m in Sources */ = {isa = PBXBuildFile; fileRef = 9BFBA93E1A02E45A00E2B765 /* JGProgressHUD.m */; };
		9BFBA9531A02E45A00E2B765 /* JGProgressHUDAnimation.m in Sources */ = {isa = PBXBuildFile; fileRef = 9BFBA9401A02E45A00E2B765 /* JGProgressHUDAnimation.m */; };
		9BFBA9541A02E45A00E2B765 /* JGProgressHUDErrorIndicatorView.m in Sources */ = {isa = PBXBuildFile; fileRef = 9BFBA9421A02E45A00E2B765 /* JGProgressHUDErrorIndicatorView.m */; };
		9BFBA9551A02E45A00E2B765 /* JGProgressHUDFadeAnimation.m in Sources */ = {isa = PBXBuildFile; fileRef = 9BFBA9441A02E45A00E2B765 /* JGProgressHUDFadeAnimation.m */; };
		9BFBA9561A02E45A00E2B765 /* JGProgressHUDFadeZoomAnimation.m in Sources */ = {isa = PBXBuildFile; fileRef = 9BFBA9461A02E45A00E2B765 /* JGProgressHUDFadeZoomAnimation.m */; };
		9BFBA9571A02E45A00E2B765 /* JGProgressHUDIndeterminateIndicatorView.m in Sources */ = {isa = PBXBuildFile; fileRef = 9BFBA9481A02E45A00E2B765 /* JGProgressHUDIndeterminateIndicatorView.m */; };
		9BFBA9581A02E45A00E2B765 /* JGProgressHUDIndicatorView.m in Sources */ = {isa = PBXBuildFile; fileRef = 9BFBA94A1A02E45A00E2B765 /* JGProgressHUDIndicatorView.m */; };
		9BFBA9591A02E45A00E2B765 /* JGProgressHUDPieIndicatorView.m in Sources */ = {isa = PBXBuildFile; fileRef = 9BFBA94C1A02E45A00E2B765 /* JGProgressHUDPieIndicatorView.m */; };
		9BFBA95A1A02E45A00E2B765 /* JGProgressHUDRingIndicatorView.m in Sources */ = {isa = PBXBuildFile; fileRef = 9BFBA94E1A02E45A00E2B765 /* JGProgressHUDRingIndicatorView.m */; };
		9BFBA95B1A02E45A00E2B765 /* JGProgressHUDSuccessIndicatorView.m in Sources */ = {isa = PBXBuildFile; fileRef = 9BFBA9501A02E45A00E2B765 /* JGProgressHUDSuccessIndicatorView.m */; };
		9BFBA95F1A02F03F00E2B765 /* KASlideShow.m in Sources */ = {isa = PBXBuildFile; fileRef = 9BFBA95E1A02F03F00E2B765 /* KASlideShow.m */; };
/* End PBXBuildFile section */

/* Begin PBXContainerItemProxy section */
		9B87B6D019E8EF7900F1C01C /* PBXContainerItemProxy */ = {
			isa = PBXContainerItemProxy;
			containerPortal = 9B87B69219E8E7A100F1C01C /* Project object */;
			proxyType = 1;
			remoteGlobalIDString = 9B87B6C619E8EF7900F1C01C;
			remoteInfo = Wechat;
		};
		9B87B6D319E8EF7900F1C01C /* PBXContainerItemProxy */ = {
			isa = PBXContainerItemProxy;
			containerPortal = 9B87B69219E8E7A100F1C01C /* Project object */;
			proxyType = 1;
			remoteGlobalIDString = 9B87B6C619E8EF7900F1C01C;
			remoteInfo = Wechat;
		};
/* End PBXContainerItemProxy section */

/* Begin PBXCopyFilesBuildPhase section */
		9B87B6D819E8EF7900F1C01C /* Embed App Extensions */ = {
			isa = PBXCopyFilesBuildPhase;
			buildActionMask = 2147483647;
			dstPath = "";
			dstSubfolderSpec = 13;
			files = (
				9B87B6D219E8EF7900F1C01C /* WeChat.appex in Embed App Extensions */,
			);
			name = "Embed App Extensions";
			runOnlyForDeploymentPostprocessing = 0;
		};
/* End PBXCopyFilesBuildPhase section */

/* Begin PBXFileReference section */
		9B004D6519FCC25C005EFB02 /* StoreKit.framework */ = {isa = PBXFileReference; lastKnownFileType = wrapper.framework; name = StoreKit.framework; path = System/Library/Frameworks/StoreKit.framework; sourceTree = SDKROOT; };
		9B134FBD19FFED3900A6FB32 /* Wechat Share silent 2.mp4 */ = {isa = PBXFileReference; lastKnownFileType = file; name = "Wechat Share silent 2.mp4"; path = "Video/Wechat Share silent 2.mp4"; sourceTree = "<group>"; };
		9B2DFCCE19FD759600DEE429 /* CargoManager.h */ = {isa = PBXFileReference; fileEncoding = 4; lastKnownFileType = sourcecode.c.h; path = CargoManager.h; sourceTree = "<group>"; };
		9B2DFCCF19FD759600DEE429 /* CargoManager.m */ = {isa = PBXFileReference; fileEncoding = 4; lastKnownFileType = sourcecode.c.objc; path = CargoManager.m; sourceTree = "<group>"; };
		9B2DFCD119FD759600DEE429 /* en */ = {isa = PBXFileReference; lastKnownFileType = text.plist.strings; name = en; path = en.lproj/CargoManagerLocalizable.strings; sourceTree = "<group>"; };
		9B4670C81A02DE8C00BA3E13 /* UnlockViewController.h */ = {isa = PBXFileReference; fileEncoding = 4; lastKnownFileType = sourcecode.c.h; path = UnlockViewController.h; sourceTree = "<group>"; };
		9B4670C91A02DE8C00BA3E13 /* UnlockViewController.m */ = {isa = PBXFileReference; fileEncoding = 4; lastKnownFileType = sourcecode.c.objc; path = UnlockViewController.m; sourceTree = "<group>"; };
		9B6D1D171A0025EB009A1E18 /* MusicNotes.png */ = {isa = PBXFileReference; lastKnownFileType = image.png; path = MusicNotes.png; sourceTree = "<group>"; };
		9B6D1D181A0025EB009A1E18 /* MusicNotes@2x.png */ = {isa = PBXFileReference; lastKnownFileType = image.png; path = "MusicNotes@2x.png"; sourceTree = "<group>"; };
		9B6D1D261A00276A009A1E18 /* AudioToolbox.framework */ = {isa = PBXFileReference; lastKnownFileType = wrapper.framework; name = AudioToolbox.framework; path = System/Library/Frameworks/AudioToolbox.framework; sourceTree = SDKROOT; };
		9B7C650519FC8DE600C422D5 /* CargoBay.h */ = {isa = PBXFileReference; fileEncoding = 4; lastKnownFileType = sourcecode.c.h; path = CargoBay.h; sourceTree = "<group>"; };
		9B7C650619FC8DE600C422D5 /* CargoBay.m */ = {isa = PBXFileReference; fileEncoding = 4; lastKnownFileType = sourcecode.c.objc; path = CargoBay.m; sourceTree = "<group>"; };
		9B7C650919FC8F9700C422D5 /* AFHTTPRequestOperation.h */ = {isa = PBXFileReference; fileEncoding = 4; lastKnownFileType = sourcecode.c.h; path = AFHTTPRequestOperation.h; sourceTree = "<group>"; };
		9B7C650A19FC8F9700C422D5 /* AFHTTPRequestOperation.m */ = {isa = PBXFileReference; fileEncoding = 4; lastKnownFileType = sourcecode.c.objc; path = AFHTTPRequestOperation.m; sourceTree = "<group>"; };
		9B7C650B19FC8F9700C422D5 /* AFHTTPRequestOperationManager.h */ = {isa = PBXFileReference; fileEncoding = 4; lastKnownFileType = sourcecode.c.h; path = AFHTTPRequestOperationManager.h; sourceTree = "<group>"; };
		9B7C650C19FC8F9700C422D5 /* AFHTTPRequestOperationManager.m */ = {isa = PBXFileReference; fileEncoding = 4; lastKnownFileType = sourcecode.c.objc; path = AFHTTPRequestOperationManager.m; sourceTree = "<group>"; };
		9B7C650D19FC8F9700C422D5 /* AFHTTPSessionManager.h */ = {isa = PBXFileReference; fileEncoding = 4; lastKnownFileType = sourcecode.c.h; path = AFHTTPSessionManager.h; sourceTree = "<group>"; };
		9B7C650E19FC8F9700C422D5 /* AFHTTPSessionManager.m */ = {isa = PBXFileReference; fileEncoding = 4; lastKnownFileType = sourcecode.c.objc; path = AFHTTPSessionManager.m; sourceTree = "<group>"; };
		9B7C650F19FC8F9700C422D5 /* AFNetworking.h */ = {isa = PBXFileReference; fileEncoding = 4; lastKnownFileType = sourcecode.c.h; path = AFNetworking.h; sourceTree = "<group>"; };
		9B7C651019FC8F9700C422D5 /* AFNetworkReachabilityManager.h */ = {isa = PBXFileReference; fileEncoding = 4; lastKnownFileType = sourcecode.c.h; path = AFNetworkReachabilityManager.h; sourceTree = "<group>"; };
		9B7C651119FC8F9700C422D5 /* AFNetworkReachabilityManager.m */ = {isa = PBXFileReference; fileEncoding = 4; lastKnownFileType = sourcecode.c.objc; path = AFNetworkReachabilityManager.m; sourceTree = "<group>"; };
		9B7C651219FC8F9700C422D5 /* AFSecurityPolicy.h */ = {isa = PBXFileReference; fileEncoding = 4; lastKnownFileType = sourcecode.c.h; path = AFSecurityPolicy.h; sourceTree = "<group>"; };
		9B7C651319FC8F9700C422D5 /* AFSecurityPolicy.m */ = {isa = PBXFileReference; fileEncoding = 4; lastKnownFileType = sourcecode.c.objc; path = AFSecurityPolicy.m; sourceTree = "<group>"; };
		9B7C651419FC8F9700C422D5 /* AFURLConnectionOperation.h */ = {isa = PBXFileReference; fileEncoding = 4; lastKnownFileType = sourcecode.c.h; path = AFURLConnectionOperation.h; sourceTree = "<group>"; };
		9B7C651519FC8F9700C422D5 /* AFURLConnectionOperation.m */ = {isa = PBXFileReference; fileEncoding = 4; lastKnownFileType = sourcecode.c.objc; path = AFURLConnectionOperation.m; sourceTree = "<group>"; };
		9B7C651619FC8F9700C422D5 /* AFURLRequestSerialization.h */ = {isa = PBXFileReference; fileEncoding = 4; lastKnownFileType = sourcecode.c.h; path = AFURLRequestSerialization.h; sourceTree = "<group>"; };
		9B7C651719FC8F9700C422D5 /* AFURLRequestSerialization.m */ = {isa = PBXFileReference; fileEncoding = 4; lastKnownFileType = sourcecode.c.objc; path = AFURLRequestSerialization.m; sourceTree = "<group>"; };
		9B7C651819FC8F9700C422D5 /* AFURLResponseSerialization.h */ = {isa = PBXFileReference; fileEncoding = 4; lastKnownFileType = sourcecode.c.h; path = AFURLResponseSerialization.h; sourceTree = "<group>"; };
		9B7C651919FC8F9700C422D5 /* AFURLResponseSerialization.m */ = {isa = PBXFileReference; fileEncoding = 4; lastKnownFileType = sourcecode.c.objc; path = AFURLResponseSerialization.m; sourceTree = "<group>"; };
		9B7C651A19FC8F9800C422D5 /* AFURLSessionManager.h */ = {isa = PBXFileReference; fileEncoding = 4; lastKnownFileType = sourcecode.c.h; path = AFURLSessionManager.h; sourceTree = "<group>"; };
		9B7C651B19FC8F9800C422D5 /* AFURLSessionManager.m */ = {isa = PBXFileReference; fileEncoding = 4; lastKnownFileType = sourcecode.c.objc; path = AFURLSessionManager.m; sourceTree = "<group>"; };
		9B87B69A19E8E7A100F1C01C /* Shareability.app */ = {isa = PBXFileReference; explicitFileType = wrapper.application; includeInIndex = 0; path = Shareability.app; sourceTree = BUILT_PRODUCTS_DIR; };
		9B87B69E19E8E7A100F1C01C /* Info.plist */ = {isa = PBXFileReference; lastKnownFileType = text.plist.xml; path = Info.plist; sourceTree = "<group>"; };
		9B87B69F19E8E7A100F1C01C /* main.m */ = {isa = PBXFileReference; lastKnownFileType = sourcecode.c.objc; path = main.m; sourceTree = "<group>"; };
		9B87B6A119E8E7A100F1C01C /* AppDelegate.h */ = {isa = PBXFileReference; lastKnownFileType = sourcecode.c.h; path = AppDelegate.h; sourceTree = "<group>"; };
		9B87B6A219E8E7A100F1C01C /* AppDelegate.m */ = {isa = PBXFileReference; lastKnownFileType = sourcecode.c.objc; path = AppDelegate.m; sourceTree = "<group>"; };
		9B87B6A419E8E7A100F1C01C /* ViewController.h */ = {isa = PBXFileReference; lastKnownFileType = sourcecode.c.h; path = ViewController.h; sourceTree = "<group>"; };
		9B87B6A519E8E7A100F1C01C /* ViewController.m */ = {isa = PBXFileReference; lastKnownFileType = sourcecode.c.objc; path = ViewController.m; sourceTree = "<group>"; };
		9B87B6A819E8E7A100F1C01C /* Base */ = {isa = PBXFileReference; lastKnownFileType = file.storyboard; name = Base; path = Base.lproj/Main.storyboard; sourceTree = "<group>"; };
		9B87B6AA19E8E7A100F1C01C /* Images.xcassets */ = {isa = PBXFileReference; lastKnownFileType = folder.assetcatalog; path = Images.xcassets; sourceTree = "<group>"; };
		9B87B6AD19E8E7A100F1C01C /* Base */ = {isa = PBXFileReference; lastKnownFileType = file.xib; name = Base; path = Base.lproj/LaunchScreen.xib; sourceTree = "<group>"; };
		9B87B6C719E8EF7900F1C01C /* WeChat.appex */ = {isa = PBXFileReference; explicitFileType = "wrapper.app-extension"; includeInIndex = 0; path = WeChat.appex; sourceTree = BUILT_PRODUCTS_DIR; };
		9B87B6CA19E8EF7900F1C01C /* Info.plist */ = {isa = PBXFileReference; lastKnownFileType = text.plist.xml; path = Info.plist; sourceTree = "<group>"; };
		9B87B6CB19E8EF7900F1C01C /* ShareViewController.h */ = {isa = PBXFileReference; lastKnownFileType = sourcecode.c.h; path = ShareViewController.h; sourceTree = "<group>"; };
		9B87B6CC19E8EF7900F1C01C /* ShareViewController.m */ = {isa = PBXFileReference; lastKnownFileType = sourcecode.c.objc; path = ShareViewController.m; sourceTree = "<group>"; };
		9B87B6CE19E8EF7900F1C01C /* MainInterface.storyboard */ = {isa = PBXFileReference; lastKnownFileType = file.storyboard; path = MainInterface.storyboard; sourceTree = "<group>"; };
		9B89750319EF06D0004D75F3 /* ConfigTableViewController.h */ = {isa = PBXFileReference; fileEncoding = 4; lastKnownFileType = sourcecode.c.h; path = ConfigTableViewController.h; sourceTree = "<group>"; };
		9B89750419EF06D0004D75F3 /* ConfigTableViewController.m */ = {isa = PBXFileReference; fileEncoding = 4; lastKnownFileType = sourcecode.c.objc; path = ConfigTableViewController.m; sourceTree = "<group>"; };
		9BB0816219F1BFA700570E1D /* AnimatedGIFImageSerialization.h */ = {isa = PBXFileReference; fileEncoding = 4; lastKnownFileType = sourcecode.c.h; path = AnimatedGIFImageSerialization.h; sourceTree = "<group>"; };
		9BB0816319F1BFA700570E1D /* AnimatedGIFImageSerialization.m */ = {isa = PBXFileReference; fileEncoding = 4; lastKnownFileType = sourcecode.c.objc; path = AnimatedGIFImageSerialization.m; sourceTree = "<group>"; };
		9BB0816619F581E100570E1D /* AVFoundation.framework */ = {isa = PBXFileReference; lastKnownFileType = wrapper.framework; name = AVFoundation.framework; path = System/Library/Frameworks/AVFoundation.framework; sourceTree = SDKROOT; };
		9BB367C11A01887000589D0E /* TPAACAudioConverter.h */ = {isa = PBXFileReference; fileEncoding = 4; lastKnownFileType = sourcecode.c.h; path = TPAACAudioConverter.h; sourceTree = "<group>"; };
		9BB367C21A01887000589D0E /* TPAACAudioConverter.m */ = {isa = PBXFileReference; fileEncoding = 4; lastKnownFileType = sourcecode.c.objc; path = TPAACAudioConverter.m; sourceTree = "<group>"; };
		9BB367C41A01887F00589D0E /* lame.h */ = {isa = PBXFileReference; fileEncoding = 4; lastKnownFileType = sourcecode.c.h; path = lame.h; sourceTree = "<group>"; };
		9BB367C51A01887F00589D0E /* libmp3lame.a */ = {isa = PBXFileReference; lastKnownFileType = archive.ar; name = libmp3lame.a; path = Wechat/libmp3lame.a; sourceTree = "<group>"; };
		9BDA98BF19FA1CDE004240E6 /* libWeChatSDK.a */ = {isa = PBXFileReference; lastKnownFileType = archive.ar; path = libWeChatSDK.a; sourceTree = "<group>"; };
		9BDBA71A19EA202300EF194D /* WXApi.h */ = {isa = PBXFileReference; fileEncoding = 4; lastKnownFileType = sourcecode.c.h; path = WXApi.h; sourceTree = "<group>"; };
		9BDBA71B19EA202300EF194D /* WXApiObject.h */ = {isa = PBXFileReference; fileEncoding = 4; lastKnownFileType = sourcecode.c.h; path = WXApiObject.h; sourceTree = "<group>"; };
		9BDBA73C19EB976500EF194D /* SendMsgToWechatMgr.h */ = {isa = PBXFileReference; fileEncoding = 4; lastKnownFileType = sourcecode.c.h; path = SendMsgToWechatMgr.h; sourceTree = "<group>"; };
		9BDBA73D19EB976500EF194D /* SendMsgToWechatMgr.m */ = {isa = PBXFileReference; fileEncoding = 4; lastKnownFileType = sourcecode.c.objc; path = SendMsgToWechatMgr.m; sourceTree = "<group>"; };
		9BFBA93C1A02E45A00E2B765 /* JGProgressHUD Resources.bundle */ = {isa = PBXFileReference; lastKnownFileType = "wrapper.plug-in"; path = "JGProgressHUD Resources.bundle"; sourceTree = "<group>"; };
		9BFBA93D1A02E45A00E2B765 /* JGProgressHUD.h */ = {isa = PBXFileReference; fileEncoding = 4; lastKnownFileType = sourcecode.c.h; path = JGProgressHUD.h; sourceTree = "<group>"; };
		9BFBA93E1A02E45A00E2B765 /* JGProgressHUD.m */ = {isa = PBXFileReference; fileEncoding = 4; lastKnownFileType = sourcecode.c.objc; path = JGProgressHUD.m; sourceTree = "<group>"; };
		9BFBA93F1A02E45A00E2B765 /* JGProgressHUDAnimation.h */ = {isa = PBXFileReference; fileEncoding = 4; lastKnownFileType = sourcecode.c.h; path = JGProgressHUDAnimation.h; sourceTree = "<group>"; };
		9BFBA9401A02E45A00E2B765 /* JGProgressHUDAnimation.m */ = {isa = PBXFileReference; fileEncoding = 4; lastKnownFileType = sourcecode.c.objc; path = JGProgressHUDAnimation.m; sourceTree = "<group>"; };
		9BFBA9411A02E45A00E2B765 /* JGProgressHUDErrorIndicatorView.h */ = {isa = PBXFileReference; fileEncoding = 4; lastKnownFileType = sourcecode.c.h; path = JGProgressHUDErrorIndicatorView.h; sourceTree = "<group>"; };
		9BFBA9421A02E45A00E2B765 /* JGProgressHUDErrorIndicatorView.m */ = {isa = PBXFileReference; fileEncoding = 4; lastKnownFileType = sourcecode.c.objc; path = JGProgressHUDErrorIndicatorView.m; sourceTree = "<group>"; };
		9BFBA9431A02E45A00E2B765 /* JGProgressHUDFadeAnimation.h */ = {isa = PBXFileReference; fileEncoding = 4; lastKnownFileType = sourcecode.c.h; path = JGProgressHUDFadeAnimation.h; sourceTree = "<group>"; };
		9BFBA9441A02E45A00E2B765 /* JGProgressHUDFadeAnimation.m */ = {isa = PBXFileReference; fileEncoding = 4; lastKnownFileType = sourcecode.c.objc; path = JGProgressHUDFadeAnimation.m; sourceTree = "<group>"; };
		9BFBA9451A02E45A00E2B765 /* JGProgressHUDFadeZoomAnimation.h */ = {isa = PBXFileReference; fileEncoding = 4; lastKnownFileType = sourcecode.c.h; path = JGProgressHUDFadeZoomAnimation.h; sourceTree = "<group>"; };
		9BFBA9461A02E45A00E2B765 /* JGProgressHUDFadeZoomAnimation.m */ = {isa = PBXFileReference; fileEncoding = 4; lastKnownFileType = sourcecode.c.objc; path = JGProgressHUDFadeZoomAnimation.m; sourceTree = "<group>"; };
		9BFBA9471A02E45A00E2B765 /* JGProgressHUDIndeterminateIndicatorView.h */ = {isa = PBXFileReference; fileEncoding = 4; lastKnownFileType = sourcecode.c.h; path = JGProgressHUDIndeterminateIndicatorView.h; sourceTree = "<group>"; };
		9BFBA9481A02E45A00E2B765 /* JGProgressHUDIndeterminateIndicatorView.m */ = {isa = PBXFileReference; fileEncoding = 4; lastKnownFileType = sourcecode.c.objc; path = JGProgressHUDIndeterminateIndicatorView.m; sourceTree = "<group>"; };
		9BFBA9491A02E45A00E2B765 /* JGProgressHUDIndicatorView.h */ = {isa = PBXFileReference; fileEncoding = 4; lastKnownFileType = sourcecode.c.h; path = JGProgressHUDIndicatorView.h; sourceTree = "<group>"; };
		9BFBA94A1A02E45A00E2B765 /* JGProgressHUDIndicatorView.m */ = {isa = PBXFileReference; fileEncoding = 4; lastKnownFileType = sourcecode.c.objc; path = JGProgressHUDIndicatorView.m; sourceTree = "<group>"; };
		9BFBA94B1A02E45A00E2B765 /* JGProgressHUDPieIndicatorView.h */ = {isa = PBXFileReference; fileEncoding = 4; lastKnownFileType = sourcecode.c.h; path = JGProgressHUDPieIndicatorView.h; sourceTree = "<group>"; };
		9BFBA94C1A02E45A00E2B765 /* JGProgressHUDPieIndicatorView.m */ = {isa = PBXFileReference; fileEncoding = 4; lastKnownFileType = sourcecode.c.objc; path = JGProgressHUDPieIndicatorView.m; sourceTree = "<group>"; };
		9BFBA94D1A02E45A00E2B765 /* JGProgressHUDRingIndicatorView.h */ = {isa = PBXFileReference; fileEncoding = 4; lastKnownFileType = sourcecode.c.h; path = JGProgressHUDRingIndicatorView.h; sourceTree = "<group>"; };
		9BFBA94E1A02E45A00E2B765 /* JGProgressHUDRingIndicatorView.m */ = {isa = PBXFileReference; fileEncoding = 4; lastKnownFileType = sourcecode.c.objc; path = JGProgressHUDRingIndicatorView.m; sourceTree = "<group>"; };
		9BFBA94F1A02E45A00E2B765 /* JGProgressHUDSuccessIndicatorView.h */ = {isa = PBXFileReference; fileEncoding = 4; lastKnownFileType = sourcecode.c.h; path = JGProgressHUDSuccessIndicatorView.h; sourceTree = "<group>"; };
		9BFBA9501A02E45A00E2B765 /* JGProgressHUDSuccessIndicatorView.m */ = {isa = PBXFileReference; fileEncoding = 4; lastKnownFileType = sourcecode.c.objc; path = JGProgressHUDSuccessIndicatorView.m; sourceTree = "<group>"; };
		9BFBA95D1A02F03F00E2B765 /* KASlideShow.h */ = {isa = PBXFileReference; fileEncoding = 4; lastKnownFileType = sourcecode.c.h; path = KASlideShow.h; sourceTree = "<group>"; };
		9BFBA95E1A02F03F00E2B765 /* KASlideShow.m */ = {isa = PBXFileReference; fileEncoding = 4; lastKnownFileType = sourcecode.c.objc; path = KASlideShow.m; sourceTree = "<group>"; };
		9BFBA9661A07E6B600E2B765 /* Shareability.entitlements */ = {isa = PBXFileReference; lastKnownFileType = text.xml; path = Shareability.entitlements; sourceTree = SOURCE_ROOT; };
		9BFBA9671A07EDBC00E2B765 /* Wechat.entitlements */ = {isa = PBXFileReference; lastKnownFileType = text.xml; path = Wechat.entitlements; sourceTree = "<group>"; };
/* End PBXFileReference section */

/* Begin PBXFrameworksBuildPhase section */
		9B87B69719E8E7A100F1C01C /* Frameworks */ = {
			isa = PBXFrameworksBuildPhase;
			buildActionMask = 2147483647;
			files = (
				9B004D6619FCC25C005EFB02 /* StoreKit.framework in Frameworks */,
				9BB0816719F581E100570E1D /* AVFoundation.framework in Frameworks */,
				9BDA98C019FA1CDE004240E6 /* libWeChatSDK.a in Frameworks */,
			);
			runOnlyForDeploymentPostprocessing = 0;
		};
		9B87B6C419E8EF7900F1C01C /* Frameworks */ = {
			isa = PBXFrameworksBuildPhase;
			buildActionMask = 2147483647;
			files = (
				9B6D1D271A00276A009A1E18 /* AudioToolbox.framework in Frameworks */,
				9BB367C61A01887F00589D0E /* libmp3lame.a in Frameworks */,
				9B134FBF19FFEE7100A6FB32 /* AVFoundation.framework in Frameworks */,
				9BDA98C119FA1CDE004240E6 /* libWeChatSDK.a in Frameworks */,
			);
			runOnlyForDeploymentPostprocessing = 0;
		};
/* End PBXFrameworksBuildPhase section */

/* Begin PBXGroup section */
		9B1B255419FDB49100CC3037 /* Resources */ = {
			isa = PBXGroup;
			children = (
				9B6D1D171A0025EB009A1E18 /* MusicNotes.png */,
				9B6D1D181A0025EB009A1E18 /* MusicNotes@2x.png */,
				9B134FBD19FFED3900A6FB32 /* Wechat Share silent 2.mp4 */,
			);
			name = Resources;
			sourceTree = "<group>";
		};
		9B2DFCCD19FD759600DEE429 /* CargoManager */ = {
			isa = PBXGroup;
			children = (
				9B2DFCCE19FD759600DEE429 /* CargoManager.h */,
				9B2DFCCF19FD759600DEE429 /* CargoManager.m */,
				9B2DFCD019FD759600DEE429 /* CargoManagerLocalizable.strings */,
			);
			path = CargoManager;
			sourceTree = "<group>";
		};
		9B7C650419FC8DE600C422D5 /* CargoBay */ = {
			isa = PBXGroup;
			children = (
				9B7C650519FC8DE600C422D5 /* CargoBay.h */,
				9B7C650619FC8DE600C422D5 /* CargoBay.m */,
			);
			path = CargoBay;
			sourceTree = "<group>";
		};
		9B7C650819FC8F9700C422D5 /* AFNetworking */ = {
			isa = PBXGroup;
			children = (
				9B7C650919FC8F9700C422D5 /* AFHTTPRequestOperation.h */,
				9B7C650A19FC8F9700C422D5 /* AFHTTPRequestOperation.m */,
				9B7C650B19FC8F9700C422D5 /* AFHTTPRequestOperationManager.h */,
				9B7C650C19FC8F9700C422D5 /* AFHTTPRequestOperationManager.m */,
				9B7C650D19FC8F9700C422D5 /* AFHTTPSessionManager.h */,
				9B7C650E19FC8F9700C422D5 /* AFHTTPSessionManager.m */,
				9B7C650F19FC8F9700C422D5 /* AFNetworking.h */,
				9B7C651019FC8F9700C422D5 /* AFNetworkReachabilityManager.h */,
				9B7C651119FC8F9700C422D5 /* AFNetworkReachabilityManager.m */,
				9B7C651219FC8F9700C422D5 /* AFSecurityPolicy.h */,
				9B7C651319FC8F9700C422D5 /* AFSecurityPolicy.m */,
				9B7C651419FC8F9700C422D5 /* AFURLConnectionOperation.h */,
				9B7C651519FC8F9700C422D5 /* AFURLConnectionOperation.m */,
				9B7C651619FC8F9700C422D5 /* AFURLRequestSerialization.h */,
				9B7C651719FC8F9700C422D5 /* AFURLRequestSerialization.m */,
				9B7C651819FC8F9700C422D5 /* AFURLResponseSerialization.h */,
				9B7C651919FC8F9700C422D5 /* AFURLResponseSerialization.m */,
				9B7C651A19FC8F9800C422D5 /* AFURLSessionManager.h */,
				9B7C651B19FC8F9800C422D5 /* AFURLSessionManager.m */,
			);
			path = AFNetworking;
			sourceTree = "<group>";
		};
		9B87B69119E8E7A100F1C01C = {
			isa = PBXGroup;
			children = (
				9B87B69C19E8E7A100F1C01C /* Shareability */,
				9B87B6C819E8EF7900F1C01C /* Wechat */,
				9BB2A67019F977FB0025CC7A /* Frameworks */,
				9B87B69B19E8E7A100F1C01C /* Products */,
				9B1B255419FDB49100CC3037 /* Resources */,
			);
			sourceTree = "<group>";
		};
		9B87B69B19E8E7A100F1C01C /* Products */ = {
			isa = PBXGroup;
			children = (
				9B87B69A19E8E7A100F1C01C /* Shareability.app */,
				9B87B6C719E8EF7900F1C01C /* WeChat.appex */,
			);
			name = Products;
			sourceTree = "<group>";
		};
		9B87B69C19E8E7A100F1C01C /* Shareability */ = {
			isa = PBXGroup;
			children = (
				9B87B6A119E8E7A100F1C01C /* AppDelegate.h */,
				9B87B6A219E8E7A100F1C01C /* AppDelegate.m */,
				9BDBA73C19EB976500EF194D /* SendMsgToWechatMgr.h */,
				9BDBA73D19EB976500EF194D /* SendMsgToWechatMgr.m */,
				9B87B6A419E8E7A100F1C01C /* ViewController.h */,
				9B87B6A519E8E7A100F1C01C /* ViewController.m */,
				9B4670C81A02DE8C00BA3E13 /* UnlockViewController.h */,
				9B4670C91A02DE8C00BA3E13 /* UnlockViewController.m */,
				9B87B6A719E8E7A100F1C01C /* Main.storyboard */,
				9B87B6AA19E8E7A100F1C01C /* Images.xcassets */,
				9B87B6AC19E8E7A100F1C01C /* LaunchScreen.xib */,
				9B87B69D19E8E7A100F1C01C /* Supporting Files */,
			);
			path = Shareability;
			sourceTree = "<group>";
		};
		9B87B69D19E8E7A100F1C01C /* Supporting Files */ = {
			isa = PBXGroup;
			children = (
				9BFBA9661A07E6B600E2B765 /* Shareability.entitlements */,
				9B87B69E19E8E7A100F1C01C /* Info.plist */,
				9B87B69F19E8E7A100F1C01C /* main.m */,
			);
			name = "Supporting Files";
			sourceTree = "<group>";
		};
		9B87B6C819E8EF7900F1C01C /* Wechat */ = {
			isa = PBXGroup;
			children = (
				9BFBA9671A07EDBC00E2B765 /* Wechat.entitlements */,
				9BB367C01A01886600589D0E /* components */,
				9B87B6CB19E8EF7900F1C01C /* ShareViewController.h */,
				9B87B6CC19E8EF7900F1C01C /* ShareViewController.m */,
				9B89750319EF06D0004D75F3 /* ConfigTableViewController.h */,
				9B89750419EF06D0004D75F3 /* ConfigTableViewController.m */,
				9B87B6CE19E8EF7900F1C01C /* MainInterface.storyboard */,
				9B87B6C919E8EF7900F1C01C /* Supporting Files */,
			);
			path = Wechat;
			sourceTree = "<group>";
		};
		9B87B6C919E8EF7900F1C01C /* Supporting Files */ = {
			isa = PBXGroup;
			children = (
				9B87B6CA19E8EF7900F1C01C /* Info.plist */,
			);
			name = "Supporting Files";
			sourceTree = "<group>";
		};
		9BB0816119F1BFA700570E1D /* AnimatedGIFImageSerialization */ = {
			isa = PBXGroup;
			children = (
				9BB0816219F1BFA700570E1D /* AnimatedGIFImageSerialization.h */,
				9BB0816319F1BFA700570E1D /* AnimatedGIFImageSerialization.m */,
			);
			path = AnimatedGIFImageSerialization;
			sourceTree = "<group>";
		};
		9BB2A67019F977FB0025CC7A /* Frameworks */ = {
			isa = PBXGroup;
			children = (
				9BB367C51A01887F00589D0E /* libmp3lame.a */,
				9BFBA95C1A02F02100E2B765 /* KASlideShow */,
				9BFBA93B1A02E45A00E2B765 /* JGProgressHUD */,
				9B6D1D261A00276A009A1E18 /* AudioToolbox.framework */,
				9B2DFCCD19FD759600DEE429 /* CargoManager */,
				9B004D6519FCC25C005EFB02 /* StoreKit.framework */,
				9B7C650819FC8F9700C422D5 /* AFNetworking */,
				9B7C650419FC8DE600C422D5 /* CargoBay */,
				9BB0816619F581E100570E1D /* AVFoundation.framework */,
				9BB0816119F1BFA700570E1D /* AnimatedGIFImageSerialization */,
				9BDBA71819EA202300EF194D /* SDKExport */,
			);
			name = Frameworks;
			sourceTree = "<group>";
		};
		9BB367C01A01886600589D0E /* components */ = {
			isa = PBXGroup;
			children = (
				9BB367C11A01887000589D0E /* TPAACAudioConverter.h */,
				9BB367C21A01887000589D0E /* TPAACAudioConverter.m */,
				9BB367C41A01887F00589D0E /* lame.h */,
			);
			name = components;
			sourceTree = "<group>";
		};
		9BDBA71819EA202300EF194D /* SDKExport */ = {
			isa = PBXGroup;
			children = (
				9BDA98BF19FA1CDE004240E6 /* libWeChatSDK.a */,
				9BDBA71A19EA202300EF194D /* WXApi.h */,
				9BDBA71B19EA202300EF194D /* WXApiObject.h */,
			);
			path = SDKExport;
			sourceTree = "<group>";
		};
		9BFBA93B1A02E45A00E2B765 /* JGProgressHUD */ = {
			isa = PBXGroup;
			children = (
				9BFBA93C1A02E45A00E2B765 /* JGProgressHUD Resources.bundle */,
				9BFBA93D1A02E45A00E2B765 /* JGProgressHUD.h */,
				9BFBA93E1A02E45A00E2B765 /* JGProgressHUD.m */,
				9BFBA93F1A02E45A00E2B765 /* JGProgressHUDAnimation.h */,
				9BFBA9401A02E45A00E2B765 /* JGProgressHUDAnimation.m */,
				9BFBA9411A02E45A00E2B765 /* JGProgressHUDErrorIndicatorView.h */,
				9BFBA9421A02E45A00E2B765 /* JGProgressHUDErrorIndicatorView.m */,
				9BFBA9431A02E45A00E2B765 /* JGProgressHUDFadeAnimation.h */,
				9BFBA9441A02E45A00E2B765 /* JGProgressHUDFadeAnimation.m */,
				9BFBA9451A02E45A00E2B765 /* JGProgressHUDFadeZoomAnimation.h */,
				9BFBA9461A02E45A00E2B765 /* JGProgressHUDFadeZoomAnimation.m */,
				9BFBA9471A02E45A00E2B765 /* JGProgressHUDIndeterminateIndicatorView.h */,
				9BFBA9481A02E45A00E2B765 /* JGProgressHUDIndeterminateIndicatorView.m */,
				9BFBA9491A02E45A00E2B765 /* JGProgressHUDIndicatorView.h */,
				9BFBA94A1A02E45A00E2B765 /* JGProgressHUDIndicatorView.m */,
				9BFBA94B1A02E45A00E2B765 /* JGProgressHUDPieIndicatorView.h */,
				9BFBA94C1A02E45A00E2B765 /* JGProgressHUDPieIndicatorView.m */,
				9BFBA94D1A02E45A00E2B765 /* JGProgressHUDRingIndicatorView.h */,
				9BFBA94E1A02E45A00E2B765 /* JGProgressHUDRingIndicatorView.m */,
				9BFBA94F1A02E45A00E2B765 /* JGProgressHUDSuccessIndicatorView.h */,
				9BFBA9501A02E45A00E2B765 /* JGProgressHUDSuccessIndicatorView.m */,
			);
			name = JGProgressHUD;
			path = Shareability/JGProgressHUD;
			sourceTree = "<group>";
		};
		9BFBA95C1A02F02100E2B765 /* KASlideShow */ = {
			isa = PBXGroup;
			children = (
				9BFBA95D1A02F03F00E2B765 /* KASlideShow.h */,
				9BFBA95E1A02F03F00E2B765 /* KASlideShow.m */,
			);
			name = KASlideShow;
			sourceTree = "<group>";
		};
/* End PBXGroup section */

/* Begin PBXNativeTarget section */
		9B87B69919E8E7A100F1C01C /* WeChat Share */ = {
			isa = PBXNativeTarget;
			buildConfigurationList = 9B87B6BD19E8E7A100F1C01C /* Build configuration list for PBXNativeTarget "WeChat Share" */;
			buildPhases = (
				9B87B69619E8E7A100F1C01C /* Sources */,
				9B87B69719E8E7A100F1C01C /* Frameworks */,
				9B87B69819E8E7A100F1C01C /* Resources */,
				9B87B6D819E8EF7900F1C01C /* Embed App Extensions */,
			);
			buildRules = (
			);
			dependencies = (
				9B87B6D119E8EF7900F1C01C /* PBXTargetDependency */,
				9B87B6D419E8EF7900F1C01C /* PBXTargetDependency */,
			);
			name = "WeChat Share";
			productName = Shareability;
			productReference = 9B87B69A19E8E7A100F1C01C /* Shareability.app */;
			productType = "com.apple.product-type.application";
		};
		9B87B6C619E8EF7900F1C01C /* WeChat */ = {
			isa = PBXNativeTarget;
			buildConfigurationList = 9B87B6D519E8EF7900F1C01C /* Build configuration list for PBXNativeTarget "WeChat" */;
			buildPhases = (
				9B87B6C319E8EF7900F1C01C /* Sources */,
				9B87B6C419E8EF7900F1C01C /* Frameworks */,
				9B87B6C519E8EF7900F1C01C /* Resources */,
			);
			buildRules = (
			);
			dependencies = (
			);
			name = WeChat;
			productName = Wechat;
			productReference = 9B87B6C719E8EF7900F1C01C /* WeChat.appex */;
			productType = "com.apple.product-type.app-extension";
		};
/* End PBXNativeTarget section */

/* Begin PBXProject section */
		9B87B69219E8E7A100F1C01C /* Project object */ = {
			isa = PBXProject;
			attributes = {
				LastUpgradeCheck = 0610;
				ORGANIZATIONNAME = "Black Frog";
				TargetAttributes = {
					9B87B69919E8E7A100F1C01C = {
						CreatedOnToolsVersion = 6.0.1;
						DevelopmentTeam = SDR7T9YB58;
						SystemCapabilities = {
							com.apple.ApplicationGroups.iOS = {
								enabled = 1;
							};
						};
					};
					9B87B6C619E8EF7900F1C01C = {
						CreatedOnToolsVersion = 6.0.1;
						DevelopmentTeam = SDR7T9YB58;
						SystemCapabilities = {
							com.apple.ApplicationGroups.iOS = {
								enabled = 1;
							};
						};
					};
				};
			};
			buildConfigurationList = 9B87B69519E8E7A100F1C01C /* Build configuration list for PBXProject "Wechat Share" */;
			compatibilityVersion = "Xcode 3.2";
			developmentRegion = English;
			hasScannedForEncodings = 0;
			knownRegions = (
				en,
				Base,
			);
			mainGroup = 9B87B69119E8E7A100F1C01C;
			productRefGroup = 9B87B69B19E8E7A100F1C01C /* Products */;
			projectDirPath = "";
			projectRoot = "";
			targets = (
				9B87B69919E8E7A100F1C01C /* WeChat Share */,
				9B87B6C619E8EF7900F1C01C /* WeChat */,
			);
		};
/* End PBXProject section */

/* Begin PBXResourcesBuildPhase section */
		9B87B69819E8E7A100F1C01C /* Resources */ = {
			isa = PBXResourcesBuildPhase;
			buildActionMask = 2147483647;
			files = (
				9B2DFCD319FD759600DEE429 /* CargoManagerLocalizable.strings in Resources */,
				9B134FBE19FFED3900A6FB32 /* Wechat Share silent 2.mp4 in Resources */,
				9BFBA9511A02E45A00E2B765 /* JGProgressHUD Resources.bundle in Resources */,
				9B87B6A919E8E7A100F1C01C /* Main.storyboard in Resources */,
				9B87B6AE19E8E7A100F1C01C /* LaunchScreen.xib in Resources */,
				9B87B6AB19E8E7A100F1C01C /* Images.xcassets in Resources */,
			);
			runOnlyForDeploymentPostprocessing = 0;
		};
		9B87B6C519E8EF7900F1C01C /* Resources */ = {
			isa = PBXResourcesBuildPhase;
			buildActionMask = 2147483647;
			files = (
				9B6D1D1A1A0025EB009A1E18 /* MusicNotes@2x.png in Resources */,
				9B87B6CF19E8EF7900F1C01C /* MainInterface.storyboard in Resources */,
				9B6D1D191A0025EB009A1E18 /* MusicNotes.png in Resources */,
			);
			runOnlyForDeploymentPostprocessing = 0;
		};
/* End PBXResourcesBuildPhase section */

/* Begin PBXSourcesBuildPhase section */
		9B87B69619E8E7A100F1C01C /* Sources */ = {
			isa = PBXSourcesBuildPhase;
			buildActionMask = 2147483647;
			files = (
				9B87B6A619E8E7A100F1C01C /* ViewController.m in Sources */,
				9BFBA95A1A02E45A00E2B765 /* JGProgressHUDRingIndicatorView.m in Sources */,
				9B7C652019FC8F9800C422D5 /* AFSecurityPolicy.m in Sources */,
				9BFBA9581A02E45A00E2B765 /* JGProgressHUDIndicatorView.m in Sources */,
				9B7C651D19FC8F9800C422D5 /* AFHTTPRequestOperationManager.m in Sources */,
				9B7C651C19FC8F9800C422D5 /* AFHTTPRequestOperation.m in Sources */,
				9BFBA95B1A02E45A00E2B765 /* JGProgressHUDSuccessIndicatorView.m in Sources */,
				9BDBA73E19EB976500EF194D /* SendMsgToWechatMgr.m in Sources */,
				9BFBA9541A02E45A00E2B765 /* JGProgressHUDErrorIndicatorView.m in Sources */,
				9B7C651E19FC8F9800C422D5 /* AFHTTPSessionManager.m in Sources */,
				9B87B6A319E8E7A100F1C01C /* AppDelegate.m in Sources */,
				9BFBA9551A02E45A00E2B765 /* JGProgressHUDFadeAnimation.m in Sources */,
				9B7C652119FC8F9800C422D5 /* AFURLConnectionOperation.m in Sources */,
				9BFBA9561A02E45A00E2B765 /* JGProgressHUDFadeZoomAnimation.m in Sources */,
				9B4670CA1A02DE8C00BA3E13 /* UnlockViewController.m in Sources */,
				9BFBA9591A02E45A00E2B765 /* JGProgressHUDPieIndicatorView.m in Sources */,
				9B7C652219FC8F9800C422D5 /* AFURLRequestSerialization.m in Sources */,
				9B7C652419FC8F9800C422D5 /* AFURLSessionManager.m in Sources */,
				9BFBA9521A02E45A00E2B765 /* JGProgressHUD.m in Sources */,
				9B7C652319FC8F9800C422D5 /* AFURLResponseSerialization.m in Sources */,
				9B7C650719FC8DE600C422D5 /* CargoBay.m in Sources */,
				9B87B6A019E8E7A100F1C01C /* main.m in Sources */,
				9B7C651F19FC8F9800C422D5 /* AFNetworkReachabilityManager.m in Sources */,
				9BFBA9571A02E45A00E2B765 /* JGProgressHUDIndeterminateIndicatorView.m in Sources */,
				9B2DFCD219FD759600DEE429 /* CargoManager.m in Sources */,
				9BFBA9531A02E45A00E2B765 /* JGProgressHUDAnimation.m in Sources */,
				9BFBA95F1A02F03F00E2B765 /* KASlideShow.m in Sources */,
				9BB0816419F1BFA700570E1D /* AnimatedGIFImageSerialization.m in Sources */,
			);
			runOnlyForDeploymentPostprocessing = 0;
		};
		9B87B6C319E8EF7900F1C01C /* Sources */ = {
			isa = PBXSourcesBuildPhase;
			buildActionMask = 2147483647;
			files = (
				9BB0816519F1BFA700570E1D /* AnimatedGIFImageSerialization.m in Sources */,
				9B87B6CD19E8EF7900F1C01C /* ShareViewController.m in Sources */,
				9BB367C31A01887000589D0E /* TPAACAudioConverter.m in Sources */,
				9B89750519EF06D0004D75F3 /* ConfigTableViewController.m in Sources */,
			);
			runOnlyForDeploymentPostprocessing = 0;
		};
/* End PBXSourcesBuildPhase section */

/* Begin PBXTargetDependency section */
		9B87B6D119E8EF7900F1C01C /* PBXTargetDependency */ = {
			isa = PBXTargetDependency;
			target = 9B87B6C619E8EF7900F1C01C /* WeChat */;
			targetProxy = 9B87B6D019E8EF7900F1C01C /* PBXContainerItemProxy */;
		};
		9B87B6D419E8EF7900F1C01C /* PBXTargetDependency */ = {
			isa = PBXTargetDependency;
			target = 9B87B6C619E8EF7900F1C01C /* WeChat */;
			targetProxy = 9B87B6D319E8EF7900F1C01C /* PBXContainerItemProxy */;
		};
/* End PBXTargetDependency section */

/* Begin PBXVariantGroup section */
		9B2DFCD019FD759600DEE429 /* CargoManagerLocalizable.strings */ = {
			isa = PBXVariantGroup;
			children = (
				9B2DFCD119FD759600DEE429 /* en */,
			);
			name = CargoManagerLocalizable.strings;
			sourceTree = "<group>";
		};
		9B87B6A719E8E7A100F1C01C /* Main.storyboard */ = {
			isa = PBXVariantGroup;
			children = (
				9B87B6A819E8E7A100F1C01C /* Base */,
			);
			name = Main.storyboard;
			sourceTree = "<group>";
		};
		9B87B6AC19E8E7A100F1C01C /* LaunchScreen.xib */ = {
			isa = PBXVariantGroup;
			children = (
				9B87B6AD19E8E7A100F1C01C /* Base */,
			);
			name = LaunchScreen.xib;
			sourceTree = "<group>";
		};
/* End PBXVariantGroup section */

/* Begin XCBuildConfiguration section */
		9B87B6BB19E8E7A100F1C01C /* Debug */ = {
			isa = XCBuildConfiguration;
			buildSettings = {
				ALWAYS_SEARCH_USER_PATHS = NO;
				CLANG_CXX_LANGUAGE_STANDARD = "gnu++0x";
				CLANG_CXX_LIBRARY = "libc++";
				CLANG_ENABLE_MODULES = YES;
				CLANG_ENABLE_OBJC_ARC = YES;
				CLANG_WARN_BOOL_CONVERSION = YES;
				CLANG_WARN_CONSTANT_CONVERSION = YES;
				CLANG_WARN_DIRECT_OBJC_ISA_USAGE = YES_ERROR;
				CLANG_WARN_EMPTY_BODY = YES;
				CLANG_WARN_ENUM_CONVERSION = YES;
				CLANG_WARN_INT_CONVERSION = YES;
				CLANG_WARN_OBJC_ROOT_CLASS = YES_ERROR;
				CLANG_WARN_UNREACHABLE_CODE = YES;
				CLANG_WARN__DUPLICATE_METHOD_MATCH = YES;
				CODE_SIGN_IDENTITY = "iPhone Developer";
				"CODE_SIGN_IDENTITY[sdk=iphoneos*]" = "iPhone Developer";
				COPY_PHASE_STRIP = NO;
				ENABLE_STRICT_OBJC_MSGSEND = YES;
				GCC_C_LANGUAGE_STANDARD = gnu99;
				GCC_DYNAMIC_NO_PIC = NO;
				GCC_OPTIMIZATION_LEVEL = 0;
				GCC_PREPROCESSOR_DEFINITIONS = (
					"DEBUG=1",
					"$(inherited)",
				);
				GCC_SYMBOLS_PRIVATE_EXTERN = NO;
				GCC_WARN_64_TO_32_BIT_CONVERSION = YES;
				GCC_WARN_ABOUT_RETURN_TYPE = YES_ERROR;
				GCC_WARN_UNDECLARED_SELECTOR = YES;
				GCC_WARN_UNINITIALIZED_AUTOS = YES_AGGRESSIVE;
				GCC_WARN_UNUSED_FUNCTION = YES;
				GCC_WARN_UNUSED_VARIABLE = YES;
				IPHONEOS_DEPLOYMENT_TARGET = 8.0;
				MTL_ENABLE_DEBUG_INFO = YES;
				ONLY_ACTIVE_ARCH = YES;
				SDKROOT = iphoneos;
				TARGETED_DEVICE_FAMILY = "1,2";
			};
			name = Debug;
		};
		9B87B6BC19E8E7A100F1C01C /* Release */ = {
			isa = XCBuildConfiguration;
			buildSettings = {
				ALWAYS_SEARCH_USER_PATHS = NO;
				CLANG_CXX_LANGUAGE_STANDARD = "gnu++0x";
				CLANG_CXX_LIBRARY = "libc++";
				CLANG_ENABLE_MODULES = YES;
				CLANG_ENABLE_OBJC_ARC = YES;
				CLANG_WARN_BOOL_CONVERSION = YES;
				CLANG_WARN_CONSTANT_CONVERSION = YES;
				CLANG_WARN_DIRECT_OBJC_ISA_USAGE = YES_ERROR;
				CLANG_WARN_EMPTY_BODY = YES;
				CLANG_WARN_ENUM_CONVERSION = YES;
				CLANG_WARN_INT_CONVERSION = YES;
				CLANG_WARN_OBJC_ROOT_CLASS = YES_ERROR;
				CLANG_WARN_UNREACHABLE_CODE = YES;
				CLANG_WARN__DUPLICATE_METHOD_MATCH = YES;
				CODE_SIGN_IDENTITY = "iPhone Distribution";
				"CODE_SIGN_IDENTITY[sdk=iphoneos*]" = "iPhone Distribution";
				COPY_PHASE_STRIP = YES;
				ENABLE_NS_ASSERTIONS = NO;
				ENABLE_STRICT_OBJC_MSGSEND = YES;
				GCC_C_LANGUAGE_STANDARD = gnu99;
				GCC_WARN_64_TO_32_BIT_CONVERSION = YES;
				GCC_WARN_ABOUT_RETURN_TYPE = YES_ERROR;
				GCC_WARN_UNDECLARED_SELECTOR = YES;
				GCC_WARN_UNINITIALIZED_AUTOS = YES_AGGRESSIVE;
				GCC_WARN_UNUSED_FUNCTION = YES;
				GCC_WARN_UNUSED_VARIABLE = YES;
				IPHONEOS_DEPLOYMENT_TARGET = 8.0;
				MTL_ENABLE_DEBUG_INFO = NO;
				SDKROOT = iphoneos;
				TARGETED_DEVICE_FAMILY = "1,2";
				VALIDATE_PRODUCT = YES;
			};
			name = Release;
		};
		9B87B6BE19E8E7A100F1C01C /* Debug */ = {
			isa = XCBuildConfiguration;
			buildSettings = {
				ASSETCATALOG_COMPILER_APPICON_NAME = AppIcon;
				ASSETCATALOG_COMPILER_LAUNCHIMAGE_NAME = LaunchImage;
				CODE_SIGN_ENTITLEMENTS = Shareability.entitlements;
				HEADER_SEARCH_PATHS = (
					"\"${PODS_ROOT}/Headers/Public\"",
					"\"${PODS_ROOT}/Headers/Public/JGProgressHUD\"",
					"$(inherited)",
				);
				INFOPLIST_FILE = Shareability/Info.plist;
				LD_RUNPATH_SEARCH_PATHS = "$(inherited) @executable_path/Frameworks";
				LIBRARY_SEARCH_PATHS = (
					"$(inherited)",
					"$(PROJECT_DIR)/SDKExport",
				);
				PRODUCT_NAME = Shareability;
				PROVISIONING_PROFILE = "";
				TARGETED_DEVICE_FAMILY = 1;
			};
			name = Debug;
		};
		9B87B6BF19E8E7A100F1C01C /* Release */ = {
			isa = XCBuildConfiguration;
			buildSettings = {
				ASSETCATALOG_COMPILER_APPICON_NAME = AppIcon;
				ASSETCATALOG_COMPILER_LAUNCHIMAGE_NAME = LaunchImage;
				CODE_SIGN_ENTITLEMENTS = Shareability.entitlements;
				HEADER_SEARCH_PATHS = (
					"\"${PODS_ROOT}/Headers/Public\"",
					"\"${PODS_ROOT}/Headers/Public/JGProgressHUD\"",
					"$(inherited)",
				);
				INFOPLIST_FILE = Shareability/Info.plist;
				LD_RUNPATH_SEARCH_PATHS = "$(inherited) @executable_path/Frameworks";
				LIBRARY_SEARCH_PATHS = (
					"$(inherited)",
					"$(PROJECT_DIR)/SDKExport",
				);
				PRODUCT_NAME = Shareability;
				PROVISIONING_PROFILE = "";
				TARGETED_DEVICE_FAMILY = 1;
			};
			name = Release;
		};
		9B87B6D619E8EF7900F1C01C /* Debug */ = {
			isa = XCBuildConfiguration;
			buildSettings = {
				ASSETCATALOG_COMPILER_APPICON_NAME = "AppIcon-wechat";
				ASSETCATALOG_COMPILER_LAUNCHIMAGE_NAME = LaunchImage;
				CODE_SIGN_ENTITLEMENTS = Wechat/Wechat.entitlements;
				GCC_PREPROCESSOR_DEFINITIONS = (
					"DEBUG=1",
					"$(inherited)",
				);
				HEADER_SEARCH_PATHS = (
					"\"${PODS_ROOT}/Headers\"/**",
					"$(BUILT_PRODUCTS_DIR)/**",
					"\"${PODS_ROOT}/BuildHeaders\"/**",
				);
				INFOPLIST_FILE = Wechat/Info.plist;
				LD_RUNPATH_SEARCH_PATHS = "$(inherited) @executable_path/Frameworks @executable_path/../../Frameworks";
				LIBRARY_SEARCH_PATHS = (
					"$(inherited)",
					"$(PROJECT_DIR)/SDKExport",
					"$(PROJECT_DIR)/Wechat",
				);
				PRODUCT_NAME = "$(TARGET_NAME)";
				PROVISIONING_PROFILE = "";
				SKIP_INSTALL = YES;
				TARGETED_DEVICE_FAMILY = 1;
			};
			name = Debug;
		};
		9B87B6D719E8EF7900F1C01C /* Release */ = {
			isa = XCBuildConfiguration;
			buildSettings = {
				ASSETCATALOG_COMPILER_APPICON_NAME = "AppIcon-wechat";
				ASSETCATALOG_COMPILER_LAUNCHIMAGE_NAME = LaunchImage;
				CODE_SIGN_ENTITLEMENTS = Wechat/Wechat.entitlements;
				HEADER_SEARCH_PATHS = (
					"\"${PODS_ROOT}/Headers\"/**",
					"$(BUILT_PRODUCTS_DIR)/**",
					"\"${PODS_ROOT}/BuildHeaders\"/**",
				);
				INFOPLIST_FILE = Wechat/Info.plist;
				LD_RUNPATH_SEARCH_PATHS = "$(inherited) @executable_path/Frameworks @executable_path/../../Frameworks";
				LIBRARY_SEARCH_PATHS = (
					"$(inherited)",
					"$(PROJECT_DIR)/SDKExport",
					"$(PROJECT_DIR)/Wechat",
				);
				PRODUCT_NAME = "$(TARGET_NAME)";
				PROVISIONING_PROFILE = "";
				SKIP_INSTALL = YES;
				TARGETED_DEVICE_FAMILY = 1;
			};
			name = Release;
		};
/* End XCBuildConfiguration section */

/* Begin XCConfigurationList section */
		9B87B69519E8E7A100F1C01C /* Build configuration list for PBXProject "Wechat Share" */ = {
			isa = XCConfigurationList;
			buildConfigurations = (
				9B87B6BB19E8E7A100F1C01C /* Debug */,
				9B87B6BC19E8E7A100F1C01C /* Release */,
			);
			defaultConfigurationIsVisible = 0;
			defaultConfigurationName = Release;
		};
		9B87B6BD19E8E7A100F1C01C /* Build configuration list for PBXNativeTarget "WeChat Share" */ = {
			isa = XCConfigurationList;
			buildConfigurations = (
				9B87B6BE19E8E7A100F1C01C /* Debug */,
				9B87B6BF19E8E7A100F1C01C /* Release */,
			);
			defaultConfigurationIsVisible = 0;
			defaultConfigurationName = Release;
		};
		9B87B6D519E8EF7900F1C01C /* Build configuration list for PBXNativeTarget "WeChat" */ = {
			isa = XCConfigurationList;
			buildConfigurations = (
				9B87B6D619E8EF7900F1C01C /* Debug */,
				9B87B6D719E8EF7900F1C01C /* Release */,
			);
			defaultConfigurationIsVisible = 0;
			defaultConfigurationName = Release;
		};
/* End XCConfigurationList section */
	};
	rootObject = 9B87B69219E8E7A100F1C01C /* Project object */;
}
